
Microsoft Visual Studio Solution File, Format Version 12.00
# Visual Studio 15
VisualStudioVersion = 15.0.28307.779
MinimumVisualStudioVersion = 10.0.40219.1
Project("{9A19103F-16F7-4668-BE54-9A1E7A4F7556}") = "Iserv.Niis.Api", "Iserv.Niis.Api\Iserv.Niis.Api.csproj", "{F676052E-B544-4A8C-9114-A00C31CB7EC0}"
EndProject
Project("{9A19103F-16F7-4668-BE54-9A1E7A4F7556}") = "Iserv.Niis.Authentication", "Iserv.Niis.Authentication\Iserv.Niis.Authentication.csproj", "{D5FBF6C7-A5C6-4729-80A3-317EC59083D2}"
EndProject
Project("{9A19103F-16F7-4668-BE54-9A1E7A4F7556}") = "Iserv.Niis.Common", "Iserv.Niis.Common\Iserv.Niis.Common.csproj", "{B5C9CDF6-7C3D-401E-ACD1-1EF1327E7F4D}"
EndProject
Project("{9A19103F-16F7-4668-BE54-9A1E7A4F7556}") = "Iserv.Niis.Domain", "Iserv.Niis.Domain\Iserv.Niis.Domain.csproj", "{ED704B06-8340-4A55-AA01-7D6310B4CA38}"
EndProject
Project("{9A19103F-16F7-4668-BE54-9A1E7A4F7556}") = "Iserv.Niis.DataAccess.EntityFramework", "Iserv.Niis.DataAccess.EntityFramework\Iserv.Niis.DataAccess.EntityFramework.csproj", "{308B5FE0-B24C-4AEF-8A75-93EE3660A258}"
EndProject
Project("{9A19103F-16F7-4668-BE54-9A1E7A4F7556}") = "Iserv.Niis.Utils", "Iserv.Niis.Utils\Iserv.Niis.Utils.csproj", "{6AC7FFEE-C4B5-437F-8E49-14E76EEF50B0}"
EndProject
Project("{9A19103F-16F7-4668-BE54-9A1E7A4F7556}") = "Iserv.Niis.FileStorage", "Iserv.Niis.FileStorage\Iserv.Niis.FileStorage.csproj", "{E49A956C-FCB0-4265-A4EF-BC884A26F5AA}"
EndProject
Project("{9A19103F-16F7-4668-BE54-9A1E7A4F7556}") = "Iserv.Niis.FileConverter", "Iserv.Niis.FileConverter\Iserv.Niis.FileConverter.csproj", "{2C0B95DA-1274-40D0-8D00-AFE40ECB832A}"
EndProject
Project("{9A19103F-16F7-4668-BE54-9A1E7A4F7556}") = "Iserv.Niis.Model", "Iserv.Niis.Model\Iserv.Niis.Model.csproj", "{9A44CF8D-F919-4CD5-9DEE-40BC5C043BE6}"
EndProject
Project("{2150E333-8FDC-42A3-9474-1A3956D46DE8}") = "InternalIntegrations", "InternalIntegrations", "{07706AFA-F7E5-4828-8CF1-A5D929F411A7}"
EndProject
Project("{9A19103F-16F7-4668-BE54-9A1E7A4F7556}") = "Iserv.Niis.InternalServices.Features", "Iserv.Niis.InternalServices.Features\Iserv.Niis.InternalServices.Features.csproj", "{6053C259-14DF-4930-A3CB-46A73A53D303}"
EndProject
Project("{9A19103F-16F7-4668-BE54-9A1E7A4F7556}") = "Iserv.Niis.Documents.UserInput", "Iserv.Niis.Documents.UserInput\Iserv.Niis.Documents.UserInput.csproj", "{6BE4E80C-E59F-4186-9F6E-9D6A5FA40FA3}"
EndProject
Project("{9A19103F-16F7-4668-BE54-9A1E7A4F7556}") = "Iserv.Niis.Documents", "Iserv.Niis.Documents\Iserv.Niis.Documents.csproj", "{219734EF-89A5-4870-9EE6-FDD284C58AC8}"
EndProject
Project("{9A19103F-16F7-4668-BE54-9A1E7A4F7556}") = "Iserv.Niis.Business", "Iserv.Niis.Business\Iserv.Niis.Business.csproj", "{1679A77B-D6BD-41A5-BFB6-6D9C28B31110}"
EndProject
Project("{9A19103F-16F7-4668-BE54-9A1E7A4F7556}") = "Iserv.Niis.Infrastructure", "Iserv.Niis.Infrastructure\Iserv.Niis.Infrastructure.csproj", "{9471AE61-7968-438D-B022-D9F52CF2D687}"
EndProject
Project("{9A19103F-16F7-4668-BE54-9A1E7A4F7556}") = "Iserv.Niis.DI", "Iserv.Niis.DI\Iserv.Niis.DI.csproj", "{C0644D0C-4365-4538-A4EA-4EF06CF92D45}"
EndProject
Project("{9A19103F-16F7-4668-BE54-9A1E7A4F7556}") = "Iserv.Niis.Notifications", "Iserv.Niis.Notifications\Iserv.Niis.Notifications.csproj", "{FAAE783B-9121-4AA8-BEEB-0D355799CB1B}"
EndProject
Project("{2150E333-8FDC-42A3-9474-1A3956D46DE8}") = "Integrations", "Integrations", "{22BC382A-2FD0-4850-B579-A8FB337617E5}"
EndProject
Project("{9A19103F-16F7-4668-BE54-9A1E7A4F7556}") = "Iserv.Niis.Integration.Romarin.BL", "Iserv.Integration.Romarin\Iserv.Niis.Integration.Romarin.BL\Iserv.Niis.Integration.Romarin.BL.csproj", "{4C9CC8F3-0851-47CE-AAA3-125AF4D90B03}"
EndProject
Project("{9A19103F-16F7-4668-BE54-9A1E7A4F7556}") = "Iserv.Niis.Integration.Romarin.Domain", "Iserv.Integration.Romarin\Iserv.Niis.Integration.Romarin.Domain\Iserv.Niis.Integration.Romarin.Domain.csproj", "{988CE7CE-77F5-4487-8BB6-91D756C810F3}"
EndProject
Project("{2150E333-8FDC-42A3-9474-1A3956D46DE8}") = "Workflows", "Workflows", "{34D547F6-3F79-461C-AD5A-2F7BB3CD8F93}"
EndProject
Project("{9A19103F-16F7-4668-BE54-9A1E7A4F7556}") = "NetCoreRules", "NetCoreRules\NetCoreRules.csproj", "{BA8F3282-462F-4758-B40D-1DACB0675FA0}"
EndProject
Project("{9A19103F-16F7-4668-BE54-9A1E7A4F7556}") = "Iserv.Niis.WorkflowBusinessLogic", "Iserv.Niis.WorkflowBusinessLogic\Iserv.Niis.WorkflowBusinessLogic.csproj", "{C08EE159-35E4-4C22-B8C6-EA587A5DDA69}"
EndProject
Project("{9A19103F-16F7-4668-BE54-9A1E7A4F7556}") = "NetCoreWorkflow", "NetCoreWorkflow\NetCoreWorkflow.csproj", "{64E17C5B-B7FE-4333-902F-D3909E4F2ACA}"
EndProject
Project("{9A19103F-16F7-4668-BE54-9A1E7A4F7556}") = "Iserv.Niis.WorkflowServices", "Iserv.Niis.WorkflowServices\Iserv.Niis.WorkflowServices.csproj", "{5634E72D-38AC-42B8-85E5-4C2B6B72FAC0}"
EndProject
Project("{9A19103F-16F7-4668-BE54-9A1E7A4F7556}") = "Iserv.Niis.Workflow.EventScheduler", "Iserv.Niis.Workflow.EventScheduler\Iserv.Niis.Workflow.EventScheduler.csproj", "{3C0082B8-61D7-4127-AFA3-422D7106C012}"
EndProject
Project("{9A19103F-16F7-4668-BE54-9A1E7A4F7556}") = "Iserv.Niis.BusinessLogic", "Iserv.Niis.BusinessLogic\Iserv.Niis.BusinessLogic.csproj", "{C8C49ED3-CE53-425A-A3D2-7B859F14C46D}"
EndProject
Project("{9A19103F-16F7-4668-BE54-9A1E7A4F7556}") = "Niis.Services", "Niis.Services\Niis.Services.csproj", "{B449A400-7F08-414D-9275-1A92A6948BE1}"
EndProject
Project("{2150E333-8FDC-42A3-9474-1A3956D46DE8}") = "ExternalIntegrations", "ExternalIntegrations", "{DEA55B58-3846-4E28-ADC5-E72D23B0420C}"
EndProject
Project("{9A19103F-16F7-4668-BE54-9A1E7A4F7556}") = "Iserv.Niis.ExternalServices.Domain", "Iserv.Niis.ExternalServices.Domain\Iserv.Niis.ExternalServices.Domain.csproj", "{0C6D68FC-B311-4A6A-91E0-B4ADF1A2FFF8}"
EndProject
Project("{9A19103F-16F7-4668-BE54-9A1E7A4F7556}") = "Iserv.Niis.ExternalServices.DataAccess.EntityFramework", "Iserv.Niis.ExternalServices.DataAccess.EntityFramework\Iserv.Niis.ExternalServices.DataAccess.EntityFramework.csproj", "{9CB79765-780D-41C2-9269-2680AB4671E4}"
EndProject
Project("{FAE04EC0-301F-11D3-BF4B-00C04F79EFBC}") = "Iserv.Niis.ExternalServices.StatusSender.Host", "Iserv.Niis.ExternalServices.StatusSender.Host\Iserv.Niis.ExternalServices.StatusSender.Host.csproj", "{37CB3D22-EFC4-46DC-956F-F8762A69837D}"
EndProject
Project("{9A19103F-16F7-4668-BE54-9A1E7A4F7556}") = "Iserv.Niis.Integration.Romarin.Host", "Iserv.Integration.Romarin\Iserv.Niis.Integration.Romarin\Iserv.Niis.Integration.Romarin.Host.csproj", "{97902060-AA69-4BAC-A357-E5054F535BCE}"
EndProject
Project("{9A19103F-16F7-4668-BE54-9A1E7A4F7556}") = "Iserv.Niis.Report", "Iserv.Niis.Report\Iserv.Niis.Report.csproj", "{1E449464-A42A-447E-A3A5-49B8E077FD43}"
EndProject
Project("{9A19103F-16F7-4668-BE54-9A1E7A4F7556}") = "Iserv.Niis.ExternalServices.Features", "Iserv.Niis.ExternalServices.Features\Iserv.Niis.ExternalServices.Features.csproj", "{3F29310F-8DFD-441C-8234-D3B788FE3240}"
EndProject
Project("{FAE04EC0-301F-11D3-BF4B-00C04F79EFBC}") = "Iserv.Niis.ExternalServices.Host", "Iserv.Niis.ExternalServices.Host\Iserv.Niis.ExternalServices.Host.csproj", "{3937355A-AC55-4822-926A-2B604E94D285}"
EndProject
Project("{9A19103F-16F7-4668-BE54-9A1E7A4F7556}") = "Iserv.Niis.Exceptions", "Iserv.Niis.Exceptions\Iserv.Niis.Exceptions.csproj", "{4E3A6F49-E2E8-4D68-B124-D225FD310CDC}"
EndProject
Project("{2150E333-8FDC-42A3-9474-1A3956D46DE8}") = "Romarin", "Romarin", "{788FEE2A-1F55-431C-978A-D5C2087B852E}"
EndProject
Project("{9A19103F-16F7-4668-BE54-9A1E7A4F7556}") = "Iserv.Niis.Integration.ApiResult", "Iserv.Niis.Integration.ApiResult\Iserv.Niis.Integration.ApiResult.csproj", "{9C20B9BA-E013-43E2-9FB8-0BE8DCB61105}"
EndProject
Project("{2150E333-8FDC-42A3-9474-1A3956D46DE8}") = "1C", "1C", "{DCB77E39-065E-4C71-B936-BC46BE14972B}"
EndProject
Project("{9A19103F-16F7-4668-BE54-9A1E7A4F7556}") = "Iserv.Niis.Integration.OneC.API", "Iserv.Integration.1C\Iserv.Niis.Integration.OneC.API\Iserv.Niis.Integration.OneC.API.csproj", "{8DAA10A1-C11A-403E-8297-18E1C3568A5F}"
EndProject
Project("{9A19103F-16F7-4668-BE54-9A1E7A4F7556}") = "Iserv.Niis.Integration.OneC.Infrastructure", "Iserv.Integration.1C\Iserv.Niis.Integration.OneC.Infrastructure\Iserv.Niis.Integration.OneC.Infrastructure.csproj", "{9C3AB7F9-7A19-4B71-A08E-D68A34372323}"
EndProject
Project("{9A19103F-16F7-4668-BE54-9A1E7A4F7556}") = "Iserv.Niis.Integration.OneC.Model", "Iserv.Integration.1C\Iserv.Niis.Integration.OneC.Model\Iserv.Niis.Integration.OneC.Model.csproj", "{FAB5EDE5-6886-4856-A857-EC4765E474A0}"
EndProject
Project("{2150E333-8FDC-42A3-9474-1A3956D46DE8}") = "AutoImport", "AutoImport", "{9F789778-A677-4600-B507-16F44B7E43F9}"
EndProject
Project("{9A19103F-16F7-4668-BE54-9A1E7A4F7556}") = "Iserv.Niis.Integration.AutoImport.Request", "Iserv.Niis.Integration.AutoImport.Request\Iserv.Niis.Integration.AutoImport.Request.csproj", "{94653472-B8E7-4452-B01B-C0A6448D2483}"
EndProject
Project("{FAE04EC0-301F-11D3-BF4B-00C04F79EFBC}") = "Iserv.Niis.DataBridge", "Iserv.Niis.DataBridge\Iserv.Niis.DataBridge.csproj", "{3644EF92-FEAA-468D-BEAF-05471337856E}"
EndProject
Global
	GlobalSection(SolutionConfigurationPlatforms) = preSolution
		Debug|Any CPU = Debug|Any CPU
		Development-iserv|Any CPU = Development-iserv|Any CPU
		Development-niis|Any CPU = Development-niis|Any CPU
		Production-iserv|Any CPU = Production-iserv|Any CPU
		Production-niis|Any CPU = Production-niis|Any CPU
		Release|Any CPU = Release|Any CPU
		Staging-iserv|Any CPU = Staging-iserv|Any CPU
		Staging-niis|Any CPU = Staging-niis|Any CPU
	EndGlobalSection
	GlobalSection(ProjectConfigurationPlatforms) = postSolution
		{F676052E-B544-4A8C-9114-A00C31CB7EC0}.Debug|Any CPU.ActiveCfg = Debug|Any CPU
		{F676052E-B544-4A8C-9114-A00C31CB7EC0}.Debug|Any CPU.Build.0 = Debug|Any CPU
		{F676052E-B544-4A8C-9114-A00C31CB7EC0}.Development-iserv|Any CPU.ActiveCfg = Debug|Any CPU
		{F676052E-B544-4A8C-9114-A00C31CB7EC0}.Development-iserv|Any CPU.Build.0 = Debug|Any CPU
		{F676052E-B544-4A8C-9114-A00C31CB7EC0}.Development-niis|Any CPU.ActiveCfg = Debug|Any CPU
		{F676052E-B544-4A8C-9114-A00C31CB7EC0}.Development-niis|Any CPU.Build.0 = Debug|Any CPU
		{F676052E-B544-4A8C-9114-A00C31CB7EC0}.Production-iserv|Any CPU.ActiveCfg = Debug|Any CPU
		{F676052E-B544-4A8C-9114-A00C31CB7EC0}.Production-iserv|Any CPU.Build.0 = Debug|Any CPU
		{F676052E-B544-4A8C-9114-A00C31CB7EC0}.Production-niis|Any CPU.ActiveCfg = Debug|Any CPU
		{F676052E-B544-4A8C-9114-A00C31CB7EC0}.Production-niis|Any CPU.Build.0 = Debug|Any CPU
		{F676052E-B544-4A8C-9114-A00C31CB7EC0}.Release|Any CPU.ActiveCfg = Release|Any CPU
		{F676052E-B544-4A8C-9114-A00C31CB7EC0}.Release|Any CPU.Build.0 = Release|Any CPU
		{F676052E-B544-4A8C-9114-A00C31CB7EC0}.Staging-iserv|Any CPU.ActiveCfg = Debug|Any CPU
		{F676052E-B544-4A8C-9114-A00C31CB7EC0}.Staging-iserv|Any CPU.Build.0 = Debug|Any CPU
		{F676052E-B544-4A8C-9114-A00C31CB7EC0}.Staging-niis|Any CPU.ActiveCfg = Debug|Any CPU
		{F676052E-B544-4A8C-9114-A00C31CB7EC0}.Staging-niis|Any CPU.Build.0 = Debug|Any CPU
		{D5FBF6C7-A5C6-4729-80A3-317EC59083D2}.Debug|Any CPU.ActiveCfg = Debug|Any CPU
		{D5FBF6C7-A5C6-4729-80A3-317EC59083D2}.Debug|Any CPU.Build.0 = Debug|Any CPU
		{D5FBF6C7-A5C6-4729-80A3-317EC59083D2}.Development-iserv|Any CPU.ActiveCfg = Debug|Any CPU
		{D5FBF6C7-A5C6-4729-80A3-317EC59083D2}.Development-iserv|Any CPU.Build.0 = Debug|Any CPU
		{D5FBF6C7-A5C6-4729-80A3-317EC59083D2}.Development-niis|Any CPU.ActiveCfg = Debug|Any CPU
		{D5FBF6C7-A5C6-4729-80A3-317EC59083D2}.Development-niis|Any CPU.Build.0 = Debug|Any CPU
		{D5FBF6C7-A5C6-4729-80A3-317EC59083D2}.Production-iserv|Any CPU.ActiveCfg = Release|Any CPU
		{D5FBF6C7-A5C6-4729-80A3-317EC59083D2}.Production-iserv|Any CPU.Build.0 = Release|Any CPU
		{D5FBF6C7-A5C6-4729-80A3-317EC59083D2}.Production-niis|Any CPU.ActiveCfg = Release|Any CPU
		{D5FBF6C7-A5C6-4729-80A3-317EC59083D2}.Production-niis|Any CPU.Build.0 = Release|Any CPU
		{D5FBF6C7-A5C6-4729-80A3-317EC59083D2}.Release|Any CPU.ActiveCfg = Release|Any CPU
		{D5FBF6C7-A5C6-4729-80A3-317EC59083D2}.Release|Any CPU.Build.0 = Release|Any CPU
		{D5FBF6C7-A5C6-4729-80A3-317EC59083D2}.Staging-iserv|Any CPU.ActiveCfg = Release|Any CPU
		{D5FBF6C7-A5C6-4729-80A3-317EC59083D2}.Staging-iserv|Any CPU.Build.0 = Release|Any CPU
		{D5FBF6C7-A5C6-4729-80A3-317EC59083D2}.Staging-niis|Any CPU.ActiveCfg = Release|Any CPU
		{D5FBF6C7-A5C6-4729-80A3-317EC59083D2}.Staging-niis|Any CPU.Build.0 = Release|Any CPU
		{B5C9CDF6-7C3D-401E-ACD1-1EF1327E7F4D}.Debug|Any CPU.ActiveCfg = Debug|Any CPU
		{B5C9CDF6-7C3D-401E-ACD1-1EF1327E7F4D}.Debug|Any CPU.Build.0 = Debug|Any CPU
		{B5C9CDF6-7C3D-401E-ACD1-1EF1327E7F4D}.Development-iserv|Any CPU.ActiveCfg = Debug|Any CPU
		{B5C9CDF6-7C3D-401E-ACD1-1EF1327E7F4D}.Development-iserv|Any CPU.Build.0 = Debug|Any CPU
		{B5C9CDF6-7C3D-401E-ACD1-1EF1327E7F4D}.Development-niis|Any CPU.ActiveCfg = Debug|Any CPU
		{B5C9CDF6-7C3D-401E-ACD1-1EF1327E7F4D}.Development-niis|Any CPU.Build.0 = Debug|Any CPU
		{B5C9CDF6-7C3D-401E-ACD1-1EF1327E7F4D}.Production-iserv|Any CPU.ActiveCfg = Release|Any CPU
		{B5C9CDF6-7C3D-401E-ACD1-1EF1327E7F4D}.Production-iserv|Any CPU.Build.0 = Release|Any CPU
		{B5C9CDF6-7C3D-401E-ACD1-1EF1327E7F4D}.Production-niis|Any CPU.ActiveCfg = Release|Any CPU
		{B5C9CDF6-7C3D-401E-ACD1-1EF1327E7F4D}.Production-niis|Any CPU.Build.0 = Release|Any CPU
		{B5C9CDF6-7C3D-401E-ACD1-1EF1327E7F4D}.Release|Any CPU.ActiveCfg = Release|Any CPU
		{B5C9CDF6-7C3D-401E-ACD1-1EF1327E7F4D}.Release|Any CPU.Build.0 = Release|Any CPU
		{B5C9CDF6-7C3D-401E-ACD1-1EF1327E7F4D}.Staging-iserv|Any CPU.ActiveCfg = Release|Any CPU
		{B5C9CDF6-7C3D-401E-ACD1-1EF1327E7F4D}.Staging-iserv|Any CPU.Build.0 = Release|Any CPU
		{B5C9CDF6-7C3D-401E-ACD1-1EF1327E7F4D}.Staging-niis|Any CPU.ActiveCfg = Release|Any CPU
		{B5C9CDF6-7C3D-401E-ACD1-1EF1327E7F4D}.Staging-niis|Any CPU.Build.0 = Release|Any CPU
		{ED704B06-8340-4A55-AA01-7D6310B4CA38}.Debug|Any CPU.ActiveCfg = Debug|Any CPU
		{ED704B06-8340-4A55-AA01-7D6310B4CA38}.Debug|Any CPU.Build.0 = Debug|Any CPU
		{ED704B06-8340-4A55-AA01-7D6310B4CA38}.Development-iserv|Any CPU.ActiveCfg = Debug|Any CPU
		{ED704B06-8340-4A55-AA01-7D6310B4CA38}.Development-iserv|Any CPU.Build.0 = Debug|Any CPU
		{ED704B06-8340-4A55-AA01-7D6310B4CA38}.Development-niis|Any CPU.ActiveCfg = Debug|Any CPU
		{ED704B06-8340-4A55-AA01-7D6310B4CA38}.Development-niis|Any CPU.Build.0 = Debug|Any CPU
		{ED704B06-8340-4A55-AA01-7D6310B4CA38}.Production-iserv|Any CPU.ActiveCfg = Release|Any CPU
		{ED704B06-8340-4A55-AA01-7D6310B4CA38}.Production-iserv|Any CPU.Build.0 = Release|Any CPU
		{ED704B06-8340-4A55-AA01-7D6310B4CA38}.Production-niis|Any CPU.ActiveCfg = Release|Any CPU
		{ED704B06-8340-4A55-AA01-7D6310B4CA38}.Production-niis|Any CPU.Build.0 = Release|Any CPU
		{ED704B06-8340-4A55-AA01-7D6310B4CA38}.Release|Any CPU.ActiveCfg = Release|Any CPU
		{ED704B06-8340-4A55-AA01-7D6310B4CA38}.Release|Any CPU.Build.0 = Release|Any CPU
		{ED704B06-8340-4A55-AA01-7D6310B4CA38}.Staging-iserv|Any CPU.ActiveCfg = Release|Any CPU
		{ED704B06-8340-4A55-AA01-7D6310B4CA38}.Staging-iserv|Any CPU.Build.0 = Release|Any CPU
		{ED704B06-8340-4A55-AA01-7D6310B4CA38}.Staging-niis|Any CPU.ActiveCfg = Release|Any CPU
		{ED704B06-8340-4A55-AA01-7D6310B4CA38}.Staging-niis|Any CPU.Build.0 = Release|Any CPU
		{308B5FE0-B24C-4AEF-8A75-93EE3660A258}.Debug|Any CPU.ActiveCfg = Debug|Any CPU
		{308B5FE0-B24C-4AEF-8A75-93EE3660A258}.Debug|Any CPU.Build.0 = Debug|Any CPU
		{308B5FE0-B24C-4AEF-8A75-93EE3660A258}.Development-iserv|Any CPU.ActiveCfg = Debug|Any CPU
		{308B5FE0-B24C-4AEF-8A75-93EE3660A258}.Development-iserv|Any CPU.Build.0 = Debug|Any CPU
		{308B5FE0-B24C-4AEF-8A75-93EE3660A258}.Development-niis|Any CPU.ActiveCfg = Debug|Any CPU
		{308B5FE0-B24C-4AEF-8A75-93EE3660A258}.Development-niis|Any CPU.Build.0 = Debug|Any CPU
		{308B5FE0-B24C-4AEF-8A75-93EE3660A258}.Production-iserv|Any CPU.ActiveCfg = Release|Any CPU
		{308B5FE0-B24C-4AEF-8A75-93EE3660A258}.Production-iserv|Any CPU.Build.0 = Release|Any CPU
		{308B5FE0-B24C-4AEF-8A75-93EE3660A258}.Production-niis|Any CPU.ActiveCfg = Release|Any CPU
		{308B5FE0-B24C-4AEF-8A75-93EE3660A258}.Production-niis|Any CPU.Build.0 = Release|Any CPU
		{308B5FE0-B24C-4AEF-8A75-93EE3660A258}.Release|Any CPU.ActiveCfg = Release|Any CPU
		{308B5FE0-B24C-4AEF-8A75-93EE3660A258}.Release|Any CPU.Build.0 = Release|Any CPU
		{308B5FE0-B24C-4AEF-8A75-93EE3660A258}.Staging-iserv|Any CPU.ActiveCfg = Release|Any CPU
		{308B5FE0-B24C-4AEF-8A75-93EE3660A258}.Staging-iserv|Any CPU.Build.0 = Release|Any CPU
		{308B5FE0-B24C-4AEF-8A75-93EE3660A258}.Staging-niis|Any CPU.ActiveCfg = Release|Any CPU
		{308B5FE0-B24C-4AEF-8A75-93EE3660A258}.Staging-niis|Any CPU.Build.0 = Release|Any CPU
		{6AC7FFEE-C4B5-437F-8E49-14E76EEF50B0}.Debug|Any CPU.ActiveCfg = Debug|Any CPU
		{6AC7FFEE-C4B5-437F-8E49-14E76EEF50B0}.Debug|Any CPU.Build.0 = Debug|Any CPU
		{6AC7FFEE-C4B5-437F-8E49-14E76EEF50B0}.Development-iserv|Any CPU.ActiveCfg = Debug|Any CPU
		{6AC7FFEE-C4B5-437F-8E49-14E76EEF50B0}.Development-iserv|Any CPU.Build.0 = Debug|Any CPU
		{6AC7FFEE-C4B5-437F-8E49-14E76EEF50B0}.Development-niis|Any CPU.ActiveCfg = Debug|Any CPU
		{6AC7FFEE-C4B5-437F-8E49-14E76EEF50B0}.Development-niis|Any CPU.Build.0 = Debug|Any CPU
		{6AC7FFEE-C4B5-437F-8E49-14E76EEF50B0}.Production-iserv|Any CPU.ActiveCfg = Release|Any CPU
		{6AC7FFEE-C4B5-437F-8E49-14E76EEF50B0}.Production-iserv|Any CPU.Build.0 = Release|Any CPU
		{6AC7FFEE-C4B5-437F-8E49-14E76EEF50B0}.Production-niis|Any CPU.ActiveCfg = Release|Any CPU
		{6AC7FFEE-C4B5-437F-8E49-14E76EEF50B0}.Production-niis|Any CPU.Build.0 = Release|Any CPU
		{6AC7FFEE-C4B5-437F-8E49-14E76EEF50B0}.Release|Any CPU.ActiveCfg = Release|Any CPU
		{6AC7FFEE-C4B5-437F-8E49-14E76EEF50B0}.Release|Any CPU.Build.0 = Release|Any CPU
		{6AC7FFEE-C4B5-437F-8E49-14E76EEF50B0}.Staging-iserv|Any CPU.ActiveCfg = Release|Any CPU
		{6AC7FFEE-C4B5-437F-8E49-14E76EEF50B0}.Staging-iserv|Any CPU.Build.0 = Release|Any CPU
		{6AC7FFEE-C4B5-437F-8E49-14E76EEF50B0}.Staging-niis|Any CPU.ActiveCfg = Release|Any CPU
		{6AC7FFEE-C4B5-437F-8E49-14E76EEF50B0}.Staging-niis|Any CPU.Build.0 = Release|Any CPU
		{E49A956C-FCB0-4265-A4EF-BC884A26F5AA}.Debug|Any CPU.ActiveCfg = Debug|Any CPU
		{E49A956C-FCB0-4265-A4EF-BC884A26F5AA}.Debug|Any CPU.Build.0 = Debug|Any CPU
		{E49A956C-FCB0-4265-A4EF-BC884A26F5AA}.Development-iserv|Any CPU.ActiveCfg = Debug|Any CPU
		{E49A956C-FCB0-4265-A4EF-BC884A26F5AA}.Development-iserv|Any CPU.Build.0 = Debug|Any CPU
		{E49A956C-FCB0-4265-A4EF-BC884A26F5AA}.Development-niis|Any CPU.ActiveCfg = Debug|Any CPU
		{E49A956C-FCB0-4265-A4EF-BC884A26F5AA}.Development-niis|Any CPU.Build.0 = Debug|Any CPU
		{E49A956C-FCB0-4265-A4EF-BC884A26F5AA}.Production-iserv|Any CPU.ActiveCfg = Release|Any CPU
		{E49A956C-FCB0-4265-A4EF-BC884A26F5AA}.Production-iserv|Any CPU.Build.0 = Release|Any CPU
		{E49A956C-FCB0-4265-A4EF-BC884A26F5AA}.Production-niis|Any CPU.ActiveCfg = Release|Any CPU
		{E49A956C-FCB0-4265-A4EF-BC884A26F5AA}.Production-niis|Any CPU.Build.0 = Release|Any CPU
		{E49A956C-FCB0-4265-A4EF-BC884A26F5AA}.Release|Any CPU.ActiveCfg = Release|Any CPU
		{E49A956C-FCB0-4265-A4EF-BC884A26F5AA}.Release|Any CPU.Build.0 = Release|Any CPU
		{E49A956C-FCB0-4265-A4EF-BC884A26F5AA}.Staging-iserv|Any CPU.ActiveCfg = Release|Any CPU
		{E49A956C-FCB0-4265-A4EF-BC884A26F5AA}.Staging-iserv|Any CPU.Build.0 = Release|Any CPU
		{E49A956C-FCB0-4265-A4EF-BC884A26F5AA}.Staging-niis|Any CPU.ActiveCfg = Release|Any CPU
		{E49A956C-FCB0-4265-A4EF-BC884A26F5AA}.Staging-niis|Any CPU.Build.0 = Release|Any CPU
		{2C0B95DA-1274-40D0-8D00-AFE40ECB832A}.Debug|Any CPU.ActiveCfg = Debug|Any CPU
		{2C0B95DA-1274-40D0-8D00-AFE40ECB832A}.Debug|Any CPU.Build.0 = Debug|Any CPU
		{2C0B95DA-1274-40D0-8D00-AFE40ECB832A}.Development-iserv|Any CPU.ActiveCfg = Debug|Any CPU
		{2C0B95DA-1274-40D0-8D00-AFE40ECB832A}.Development-iserv|Any CPU.Build.0 = Debug|Any CPU
		{2C0B95DA-1274-40D0-8D00-AFE40ECB832A}.Development-niis|Any CPU.ActiveCfg = Debug|Any CPU
		{2C0B95DA-1274-40D0-8D00-AFE40ECB832A}.Development-niis|Any CPU.Build.0 = Debug|Any CPU
		{2C0B95DA-1274-40D0-8D00-AFE40ECB832A}.Production-iserv|Any CPU.ActiveCfg = Release|Any CPU
		{2C0B95DA-1274-40D0-8D00-AFE40ECB832A}.Production-iserv|Any CPU.Build.0 = Release|Any CPU
		{2C0B95DA-1274-40D0-8D00-AFE40ECB832A}.Production-niis|Any CPU.ActiveCfg = Release|Any CPU
		{2C0B95DA-1274-40D0-8D00-AFE40ECB832A}.Production-niis|Any CPU.Build.0 = Release|Any CPU
		{2C0B95DA-1274-40D0-8D00-AFE40ECB832A}.Release|Any CPU.ActiveCfg = Release|Any CPU
		{2C0B95DA-1274-40D0-8D00-AFE40ECB832A}.Release|Any CPU.Build.0 = Release|Any CPU
		{2C0B95DA-1274-40D0-8D00-AFE40ECB832A}.Staging-iserv|Any CPU.ActiveCfg = Release|Any CPU
		{2C0B95DA-1274-40D0-8D00-AFE40ECB832A}.Staging-iserv|Any CPU.Build.0 = Release|Any CPU
		{2C0B95DA-1274-40D0-8D00-AFE40ECB832A}.Staging-niis|Any CPU.ActiveCfg = Release|Any CPU
		{2C0B95DA-1274-40D0-8D00-AFE40ECB832A}.Staging-niis|Any CPU.Build.0 = Release|Any CPU
		{9A44CF8D-F919-4CD5-9DEE-40BC5C043BE6}.Debug|Any CPU.ActiveCfg = Debug|Any CPU
		{9A44CF8D-F919-4CD5-9DEE-40BC5C043BE6}.Debug|Any CPU.Build.0 = Debug|Any CPU
		{9A44CF8D-F919-4CD5-9DEE-40BC5C043BE6}.Development-iserv|Any CPU.ActiveCfg = Debug|Any CPU
		{9A44CF8D-F919-4CD5-9DEE-40BC5C043BE6}.Development-iserv|Any CPU.Build.0 = Debug|Any CPU
		{9A44CF8D-F919-4CD5-9DEE-40BC5C043BE6}.Development-niis|Any CPU.ActiveCfg = Debug|Any CPU
		{9A44CF8D-F919-4CD5-9DEE-40BC5C043BE6}.Development-niis|Any CPU.Build.0 = Debug|Any CPU
		{9A44CF8D-F919-4CD5-9DEE-40BC5C043BE6}.Production-iserv|Any CPU.ActiveCfg = Release|Any CPU
		{9A44CF8D-F919-4CD5-9DEE-40BC5C043BE6}.Production-iserv|Any CPU.Build.0 = Release|Any CPU
		{9A44CF8D-F919-4CD5-9DEE-40BC5C043BE6}.Production-niis|Any CPU.ActiveCfg = Release|Any CPU
		{9A44CF8D-F919-4CD5-9DEE-40BC5C043BE6}.Production-niis|Any CPU.Build.0 = Release|Any CPU
		{9A44CF8D-F919-4CD5-9DEE-40BC5C043BE6}.Release|Any CPU.ActiveCfg = Release|Any CPU
		{9A44CF8D-F919-4CD5-9DEE-40BC5C043BE6}.Release|Any CPU.Build.0 = Release|Any CPU
		{9A44CF8D-F919-4CD5-9DEE-40BC5C043BE6}.Staging-iserv|Any CPU.ActiveCfg = Release|Any CPU
		{9A44CF8D-F919-4CD5-9DEE-40BC5C043BE6}.Staging-iserv|Any CPU.Build.0 = Release|Any CPU
		{9A44CF8D-F919-4CD5-9DEE-40BC5C043BE6}.Staging-niis|Any CPU.ActiveCfg = Release|Any CPU
		{9A44CF8D-F919-4CD5-9DEE-40BC5C043BE6}.Staging-niis|Any CPU.Build.0 = Release|Any CPU
		{6053C259-14DF-4930-A3CB-46A73A53D303}.Debug|Any CPU.ActiveCfg = Debug|Any CPU
		{6053C259-14DF-4930-A3CB-46A73A53D303}.Debug|Any CPU.Build.0 = Debug|Any CPU
		{6053C259-14DF-4930-A3CB-46A73A53D303}.Development-iserv|Any CPU.ActiveCfg = Debug|Any CPU
		{6053C259-14DF-4930-A3CB-46A73A53D303}.Development-iserv|Any CPU.Build.0 = Debug|Any CPU
		{6053C259-14DF-4930-A3CB-46A73A53D303}.Development-niis|Any CPU.ActiveCfg = Debug|Any CPU
		{6053C259-14DF-4930-A3CB-46A73A53D303}.Development-niis|Any CPU.Build.0 = Debug|Any CPU
		{6053C259-14DF-4930-A3CB-46A73A53D303}.Production-iserv|Any CPU.ActiveCfg = Release|Any CPU
		{6053C259-14DF-4930-A3CB-46A73A53D303}.Production-iserv|Any CPU.Build.0 = Release|Any CPU
		{6053C259-14DF-4930-A3CB-46A73A53D303}.Production-niis|Any CPU.ActiveCfg = Release|Any CPU
		{6053C259-14DF-4930-A3CB-46A73A53D303}.Production-niis|Any CPU.Build.0 = Release|Any CPU
		{6053C259-14DF-4930-A3CB-46A73A53D303}.Release|Any CPU.ActiveCfg = Release|Any CPU
		{6053C259-14DF-4930-A3CB-46A73A53D303}.Release|Any CPU.Build.0 = Release|Any CPU
		{6053C259-14DF-4930-A3CB-46A73A53D303}.Staging-iserv|Any CPU.ActiveCfg = Release|Any CPU
		{6053C259-14DF-4930-A3CB-46A73A53D303}.Staging-iserv|Any CPU.Build.0 = Release|Any CPU
		{6053C259-14DF-4930-A3CB-46A73A53D303}.Staging-niis|Any CPU.ActiveCfg = Release|Any CPU
		{6053C259-14DF-4930-A3CB-46A73A53D303}.Staging-niis|Any CPU.Build.0 = Release|Any CPU
		{6BE4E80C-E59F-4186-9F6E-9D6A5FA40FA3}.Debug|Any CPU.ActiveCfg = Debug|Any CPU
		{6BE4E80C-E59F-4186-9F6E-9D6A5FA40FA3}.Debug|Any CPU.Build.0 = Debug|Any CPU
		{6BE4E80C-E59F-4186-9F6E-9D6A5FA40FA3}.Development-iserv|Any CPU.ActiveCfg = Debug|Any CPU
		{6BE4E80C-E59F-4186-9F6E-9D6A5FA40FA3}.Development-iserv|Any CPU.Build.0 = Debug|Any CPU
		{6BE4E80C-E59F-4186-9F6E-9D6A5FA40FA3}.Development-niis|Any CPU.ActiveCfg = Debug|Any CPU
		{6BE4E80C-E59F-4186-9F6E-9D6A5FA40FA3}.Development-niis|Any CPU.Build.0 = Debug|Any CPU
		{6BE4E80C-E59F-4186-9F6E-9D6A5FA40FA3}.Production-iserv|Any CPU.ActiveCfg = Release|Any CPU
		{6BE4E80C-E59F-4186-9F6E-9D6A5FA40FA3}.Production-iserv|Any CPU.Build.0 = Release|Any CPU
		{6BE4E80C-E59F-4186-9F6E-9D6A5FA40FA3}.Production-niis|Any CPU.ActiveCfg = Release|Any CPU
		{6BE4E80C-E59F-4186-9F6E-9D6A5FA40FA3}.Production-niis|Any CPU.Build.0 = Release|Any CPU
		{6BE4E80C-E59F-4186-9F6E-9D6A5FA40FA3}.Release|Any CPU.ActiveCfg = Release|Any CPU
		{6BE4E80C-E59F-4186-9F6E-9D6A5FA40FA3}.Release|Any CPU.Build.0 = Release|Any CPU
		{6BE4E80C-E59F-4186-9F6E-9D6A5FA40FA3}.Staging-iserv|Any CPU.ActiveCfg = Release|Any CPU
		{6BE4E80C-E59F-4186-9F6E-9D6A5FA40FA3}.Staging-iserv|Any CPU.Build.0 = Release|Any CPU
		{6BE4E80C-E59F-4186-9F6E-9D6A5FA40FA3}.Staging-niis|Any CPU.ActiveCfg = Release|Any CPU
		{6BE4E80C-E59F-4186-9F6E-9D6A5FA40FA3}.Staging-niis|Any CPU.Build.0 = Release|Any CPU
		{219734EF-89A5-4870-9EE6-FDD284C58AC8}.Debug|Any CPU.ActiveCfg = Debug|Any CPU
		{219734EF-89A5-4870-9EE6-FDD284C58AC8}.Debug|Any CPU.Build.0 = Debug|Any CPU
		{219734EF-89A5-4870-9EE6-FDD284C58AC8}.Development-iserv|Any CPU.ActiveCfg = Debug|Any CPU
		{219734EF-89A5-4870-9EE6-FDD284C58AC8}.Development-iserv|Any CPU.Build.0 = Debug|Any CPU
		{219734EF-89A5-4870-9EE6-FDD284C58AC8}.Development-niis|Any CPU.ActiveCfg = Debug|Any CPU
		{219734EF-89A5-4870-9EE6-FDD284C58AC8}.Development-niis|Any CPU.Build.0 = Debug|Any CPU
		{219734EF-89A5-4870-9EE6-FDD284C58AC8}.Production-iserv|Any CPU.ActiveCfg = Release|Any CPU
		{219734EF-89A5-4870-9EE6-FDD284C58AC8}.Production-iserv|Any CPU.Build.0 = Release|Any CPU
		{219734EF-89A5-4870-9EE6-FDD284C58AC8}.Production-niis|Any CPU.ActiveCfg = Release|Any CPU
		{219734EF-89A5-4870-9EE6-FDD284C58AC8}.Production-niis|Any CPU.Build.0 = Release|Any CPU
		{219734EF-89A5-4870-9EE6-FDD284C58AC8}.Release|Any CPU.ActiveCfg = Release|Any CPU
		{219734EF-89A5-4870-9EE6-FDD284C58AC8}.Release|Any CPU.Build.0 = Release|Any CPU
		{219734EF-89A5-4870-9EE6-FDD284C58AC8}.Staging-iserv|Any CPU.ActiveCfg = Release|Any CPU
		{219734EF-89A5-4870-9EE6-FDD284C58AC8}.Staging-iserv|Any CPU.Build.0 = Release|Any CPU
		{219734EF-89A5-4870-9EE6-FDD284C58AC8}.Staging-niis|Any CPU.ActiveCfg = Release|Any CPU
		{219734EF-89A5-4870-9EE6-FDD284C58AC8}.Staging-niis|Any CPU.Build.0 = Release|Any CPU
		{1679A77B-D6BD-41A5-BFB6-6D9C28B31110}.Debug|Any CPU.ActiveCfg = Debug|Any CPU
		{1679A77B-D6BD-41A5-BFB6-6D9C28B31110}.Debug|Any CPU.Build.0 = Debug|Any CPU
		{1679A77B-D6BD-41A5-BFB6-6D9C28B31110}.Development-iserv|Any CPU.ActiveCfg = Debug|Any CPU
		{1679A77B-D6BD-41A5-BFB6-6D9C28B31110}.Development-iserv|Any CPU.Build.0 = Debug|Any CPU
		{1679A77B-D6BD-41A5-BFB6-6D9C28B31110}.Development-niis|Any CPU.ActiveCfg = Debug|Any CPU
		{1679A77B-D6BD-41A5-BFB6-6D9C28B31110}.Development-niis|Any CPU.Build.0 = Debug|Any CPU
		{1679A77B-D6BD-41A5-BFB6-6D9C28B31110}.Production-iserv|Any CPU.ActiveCfg = Release|Any CPU
		{1679A77B-D6BD-41A5-BFB6-6D9C28B31110}.Production-iserv|Any CPU.Build.0 = Release|Any CPU
		{1679A77B-D6BD-41A5-BFB6-6D9C28B31110}.Production-niis|Any CPU.ActiveCfg = Release|Any CPU
		{1679A77B-D6BD-41A5-BFB6-6D9C28B31110}.Production-niis|Any CPU.Build.0 = Release|Any CPU
		{1679A77B-D6BD-41A5-BFB6-6D9C28B31110}.Release|Any CPU.ActiveCfg = Release|Any CPU
		{1679A77B-D6BD-41A5-BFB6-6D9C28B31110}.Release|Any CPU.Build.0 = Release|Any CPU
		{1679A77B-D6BD-41A5-BFB6-6D9C28B31110}.Staging-iserv|Any CPU.ActiveCfg = Release|Any CPU
		{1679A77B-D6BD-41A5-BFB6-6D9C28B31110}.Staging-iserv|Any CPU.Build.0 = Release|Any CPU
		{1679A77B-D6BD-41A5-BFB6-6D9C28B31110}.Staging-niis|Any CPU.ActiveCfg = Release|Any CPU
		{1679A77B-D6BD-41A5-BFB6-6D9C28B31110}.Staging-niis|Any CPU.Build.0 = Release|Any CPU
		{9471AE61-7968-438D-B022-D9F52CF2D687}.Debug|Any CPU.ActiveCfg = Debug|Any CPU
		{9471AE61-7968-438D-B022-D9F52CF2D687}.Debug|Any CPU.Build.0 = Debug|Any CPU
		{9471AE61-7968-438D-B022-D9F52CF2D687}.Development-iserv|Any CPU.ActiveCfg = Debug|Any CPU
		{9471AE61-7968-438D-B022-D9F52CF2D687}.Development-iserv|Any CPU.Build.0 = Debug|Any CPU
		{9471AE61-7968-438D-B022-D9F52CF2D687}.Development-niis|Any CPU.ActiveCfg = Debug|Any CPU
		{9471AE61-7968-438D-B022-D9F52CF2D687}.Development-niis|Any CPU.Build.0 = Debug|Any CPU
		{9471AE61-7968-438D-B022-D9F52CF2D687}.Production-iserv|Any CPU.ActiveCfg = Release|Any CPU
		{9471AE61-7968-438D-B022-D9F52CF2D687}.Production-iserv|Any CPU.Build.0 = Release|Any CPU
		{9471AE61-7968-438D-B022-D9F52CF2D687}.Production-niis|Any CPU.ActiveCfg = Release|Any CPU
		{9471AE61-7968-438D-B022-D9F52CF2D687}.Production-niis|Any CPU.Build.0 = Release|Any CPU
		{9471AE61-7968-438D-B022-D9F52CF2D687}.Release|Any CPU.ActiveCfg = Release|Any CPU
		{9471AE61-7968-438D-B022-D9F52CF2D687}.Release|Any CPU.Build.0 = Release|Any CPU
		{9471AE61-7968-438D-B022-D9F52CF2D687}.Staging-iserv|Any CPU.ActiveCfg = Release|Any CPU
		{9471AE61-7968-438D-B022-D9F52CF2D687}.Staging-iserv|Any CPU.Build.0 = Release|Any CPU
		{9471AE61-7968-438D-B022-D9F52CF2D687}.Staging-niis|Any CPU.ActiveCfg = Release|Any CPU
		{9471AE61-7968-438D-B022-D9F52CF2D687}.Staging-niis|Any CPU.Build.0 = Release|Any CPU
		{C0644D0C-4365-4538-A4EA-4EF06CF92D45}.Debug|Any CPU.ActiveCfg = Debug|Any CPU
		{C0644D0C-4365-4538-A4EA-4EF06CF92D45}.Debug|Any CPU.Build.0 = Debug|Any CPU
		{C0644D0C-4365-4538-A4EA-4EF06CF92D45}.Development-iserv|Any CPU.ActiveCfg = Debug|Any CPU
		{C0644D0C-4365-4538-A4EA-4EF06CF92D45}.Development-iserv|Any CPU.Build.0 = Debug|Any CPU
		{C0644D0C-4365-4538-A4EA-4EF06CF92D45}.Development-niis|Any CPU.ActiveCfg = Debug|Any CPU
		{C0644D0C-4365-4538-A4EA-4EF06CF92D45}.Development-niis|Any CPU.Build.0 = Debug|Any CPU
		{C0644D0C-4365-4538-A4EA-4EF06CF92D45}.Production-iserv|Any CPU.ActiveCfg = Release|Any CPU
		{C0644D0C-4365-4538-A4EA-4EF06CF92D45}.Production-iserv|Any CPU.Build.0 = Release|Any CPU
		{C0644D0C-4365-4538-A4EA-4EF06CF92D45}.Production-niis|Any CPU.ActiveCfg = Release|Any CPU
		{C0644D0C-4365-4538-A4EA-4EF06CF92D45}.Production-niis|Any CPU.Build.0 = Release|Any CPU
		{C0644D0C-4365-4538-A4EA-4EF06CF92D45}.Release|Any CPU.ActiveCfg = Release|Any CPU
		{C0644D0C-4365-4538-A4EA-4EF06CF92D45}.Release|Any CPU.Build.0 = Release|Any CPU
		{C0644D0C-4365-4538-A4EA-4EF06CF92D45}.Staging-iserv|Any CPU.ActiveCfg = Release|Any CPU
		{C0644D0C-4365-4538-A4EA-4EF06CF92D45}.Staging-iserv|Any CPU.Build.0 = Release|Any CPU
		{C0644D0C-4365-4538-A4EA-4EF06CF92D45}.Staging-niis|Any CPU.ActiveCfg = Release|Any CPU
		{C0644D0C-4365-4538-A4EA-4EF06CF92D45}.Staging-niis|Any CPU.Build.0 = Release|Any CPU
		{FAAE783B-9121-4AA8-BEEB-0D355799CB1B}.Debug|Any CPU.ActiveCfg = Debug|Any CPU
		{FAAE783B-9121-4AA8-BEEB-0D355799CB1B}.Debug|Any CPU.Build.0 = Debug|Any CPU
		{FAAE783B-9121-4AA8-BEEB-0D355799CB1B}.Development-iserv|Any CPU.ActiveCfg = Debug|Any CPU
		{FAAE783B-9121-4AA8-BEEB-0D355799CB1B}.Development-iserv|Any CPU.Build.0 = Debug|Any CPU
		{FAAE783B-9121-4AA8-BEEB-0D355799CB1B}.Development-niis|Any CPU.ActiveCfg = Debug|Any CPU
		{FAAE783B-9121-4AA8-BEEB-0D355799CB1B}.Development-niis|Any CPU.Build.0 = Debug|Any CPU
		{FAAE783B-9121-4AA8-BEEB-0D355799CB1B}.Production-iserv|Any CPU.ActiveCfg = Release|Any CPU
		{FAAE783B-9121-4AA8-BEEB-0D355799CB1B}.Production-iserv|Any CPU.Build.0 = Release|Any CPU
		{FAAE783B-9121-4AA8-BEEB-0D355799CB1B}.Production-niis|Any CPU.ActiveCfg = Release|Any CPU
		{FAAE783B-9121-4AA8-BEEB-0D355799CB1B}.Production-niis|Any CPU.Build.0 = Release|Any CPU
		{FAAE783B-9121-4AA8-BEEB-0D355799CB1B}.Release|Any CPU.ActiveCfg = Release|Any CPU
		{FAAE783B-9121-4AA8-BEEB-0D355799CB1B}.Release|Any CPU.Build.0 = Release|Any CPU
		{FAAE783B-9121-4AA8-BEEB-0D355799CB1B}.Staging-iserv|Any CPU.ActiveCfg = Release|Any CPU
		{FAAE783B-9121-4AA8-BEEB-0D355799CB1B}.Staging-iserv|Any CPU.Build.0 = Release|Any CPU
		{FAAE783B-9121-4AA8-BEEB-0D355799CB1B}.Staging-niis|Any CPU.ActiveCfg = Release|Any CPU
		{FAAE783B-9121-4AA8-BEEB-0D355799CB1B}.Staging-niis|Any CPU.Build.0 = Release|Any CPU
		{4C9CC8F3-0851-47CE-AAA3-125AF4D90B03}.Debug|Any CPU.ActiveCfg = Debug|Any CPU
		{4C9CC8F3-0851-47CE-AAA3-125AF4D90B03}.Debug|Any CPU.Build.0 = Debug|Any CPU
		{4C9CC8F3-0851-47CE-AAA3-125AF4D90B03}.Development-iserv|Any CPU.ActiveCfg = Debug|Any CPU
		{4C9CC8F3-0851-47CE-AAA3-125AF4D90B03}.Development-iserv|Any CPU.Build.0 = Debug|Any CPU
		{4C9CC8F3-0851-47CE-AAA3-125AF4D90B03}.Development-niis|Any CPU.ActiveCfg = Debug|Any CPU
		{4C9CC8F3-0851-47CE-AAA3-125AF4D90B03}.Development-niis|Any CPU.Build.0 = Debug|Any CPU
		{4C9CC8F3-0851-47CE-AAA3-125AF4D90B03}.Production-iserv|Any CPU.ActiveCfg = Debug|Any CPU
		{4C9CC8F3-0851-47CE-AAA3-125AF4D90B03}.Production-iserv|Any CPU.Build.0 = Debug|Any CPU
		{4C9CC8F3-0851-47CE-AAA3-125AF4D90B03}.Production-niis|Any CPU.ActiveCfg = Debug|Any CPU
		{4C9CC8F3-0851-47CE-AAA3-125AF4D90B03}.Production-niis|Any CPU.Build.0 = Debug|Any CPU
		{4C9CC8F3-0851-47CE-AAA3-125AF4D90B03}.Release|Any CPU.ActiveCfg = Release|Any CPU
		{4C9CC8F3-0851-47CE-AAA3-125AF4D90B03}.Release|Any CPU.Build.0 = Release|Any CPU
		{4C9CC8F3-0851-47CE-AAA3-125AF4D90B03}.Staging-iserv|Any CPU.ActiveCfg = Debug|Any CPU
		{4C9CC8F3-0851-47CE-AAA3-125AF4D90B03}.Staging-iserv|Any CPU.Build.0 = Debug|Any CPU
		{4C9CC8F3-0851-47CE-AAA3-125AF4D90B03}.Staging-niis|Any CPU.ActiveCfg = Debug|Any CPU
		{4C9CC8F3-0851-47CE-AAA3-125AF4D90B03}.Staging-niis|Any CPU.Build.0 = Debug|Any CPU
		{988CE7CE-77F5-4487-8BB6-91D756C810F3}.Debug|Any CPU.ActiveCfg = Debug|Any CPU
		{988CE7CE-77F5-4487-8BB6-91D756C810F3}.Debug|Any CPU.Build.0 = Debug|Any CPU
		{988CE7CE-77F5-4487-8BB6-91D756C810F3}.Development-iserv|Any CPU.ActiveCfg = Debug|Any CPU
		{988CE7CE-77F5-4487-8BB6-91D756C810F3}.Development-iserv|Any CPU.Build.0 = Debug|Any CPU
		{988CE7CE-77F5-4487-8BB6-91D756C810F3}.Development-niis|Any CPU.ActiveCfg = Debug|Any CPU
		{988CE7CE-77F5-4487-8BB6-91D756C810F3}.Development-niis|Any CPU.Build.0 = Debug|Any CPU
		{988CE7CE-77F5-4487-8BB6-91D756C810F3}.Production-iserv|Any CPU.ActiveCfg = Debug|Any CPU
		{988CE7CE-77F5-4487-8BB6-91D756C810F3}.Production-iserv|Any CPU.Build.0 = Debug|Any CPU
		{988CE7CE-77F5-4487-8BB6-91D756C810F3}.Production-niis|Any CPU.ActiveCfg = Debug|Any CPU
		{988CE7CE-77F5-4487-8BB6-91D756C810F3}.Production-niis|Any CPU.Build.0 = Debug|Any CPU
		{988CE7CE-77F5-4487-8BB6-91D756C810F3}.Release|Any CPU.ActiveCfg = Release|Any CPU
		{988CE7CE-77F5-4487-8BB6-91D756C810F3}.Release|Any CPU.Build.0 = Release|Any CPU
		{988CE7CE-77F5-4487-8BB6-91D756C810F3}.Staging-iserv|Any CPU.ActiveCfg = Debug|Any CPU
		{988CE7CE-77F5-4487-8BB6-91D756C810F3}.Staging-iserv|Any CPU.Build.0 = Debug|Any CPU
		{988CE7CE-77F5-4487-8BB6-91D756C810F3}.Staging-niis|Any CPU.ActiveCfg = Debug|Any CPU
		{988CE7CE-77F5-4487-8BB6-91D756C810F3}.Staging-niis|Any CPU.Build.0 = Debug|Any CPU
		{BA8F3282-462F-4758-B40D-1DACB0675FA0}.Debug|Any CPU.ActiveCfg = Debug|Any CPU
		{BA8F3282-462F-4758-B40D-1DACB0675FA0}.Debug|Any CPU.Build.0 = Debug|Any CPU
		{BA8F3282-462F-4758-B40D-1DACB0675FA0}.Development-iserv|Any CPU.ActiveCfg = Debug|Any CPU
		{BA8F3282-462F-4758-B40D-1DACB0675FA0}.Development-iserv|Any CPU.Build.0 = Debug|Any CPU
		{BA8F3282-462F-4758-B40D-1DACB0675FA0}.Development-niis|Any CPU.ActiveCfg = Debug|Any CPU
		{BA8F3282-462F-4758-B40D-1DACB0675FA0}.Development-niis|Any CPU.Build.0 = Debug|Any CPU
		{BA8F3282-462F-4758-B40D-1DACB0675FA0}.Production-iserv|Any CPU.ActiveCfg = Debug|Any CPU
		{BA8F3282-462F-4758-B40D-1DACB0675FA0}.Production-iserv|Any CPU.Build.0 = Debug|Any CPU
		{BA8F3282-462F-4758-B40D-1DACB0675FA0}.Production-niis|Any CPU.ActiveCfg = Debug|Any CPU
		{BA8F3282-462F-4758-B40D-1DACB0675FA0}.Production-niis|Any CPU.Build.0 = Debug|Any CPU
		{BA8F3282-462F-4758-B40D-1DACB0675FA0}.Release|Any CPU.ActiveCfg = Release|Any CPU
		{BA8F3282-462F-4758-B40D-1DACB0675FA0}.Release|Any CPU.Build.0 = Release|Any CPU
		{BA8F3282-462F-4758-B40D-1DACB0675FA0}.Staging-iserv|Any CPU.ActiveCfg = Debug|Any CPU
		{BA8F3282-462F-4758-B40D-1DACB0675FA0}.Staging-iserv|Any CPU.Build.0 = Debug|Any CPU
		{BA8F3282-462F-4758-B40D-1DACB0675FA0}.Staging-niis|Any CPU.ActiveCfg = Debug|Any CPU
		{BA8F3282-462F-4758-B40D-1DACB0675FA0}.Staging-niis|Any CPU.Build.0 = Debug|Any CPU
		{C08EE159-35E4-4C22-B8C6-EA587A5DDA69}.Debug|Any CPU.ActiveCfg = Debug|Any CPU
		{C08EE159-35E4-4C22-B8C6-EA587A5DDA69}.Debug|Any CPU.Build.0 = Debug|Any CPU
		{C08EE159-35E4-4C22-B8C6-EA587A5DDA69}.Development-iserv|Any CPU.ActiveCfg = Debug|Any CPU
		{C08EE159-35E4-4C22-B8C6-EA587A5DDA69}.Development-iserv|Any CPU.Build.0 = Debug|Any CPU
		{C08EE159-35E4-4C22-B8C6-EA587A5DDA69}.Development-niis|Any CPU.ActiveCfg = Debug|Any CPU
		{C08EE159-35E4-4C22-B8C6-EA587A5DDA69}.Development-niis|Any CPU.Build.0 = Debug|Any CPU
		{C08EE159-35E4-4C22-B8C6-EA587A5DDA69}.Production-iserv|Any CPU.ActiveCfg = Debug|Any CPU
		{C08EE159-35E4-4C22-B8C6-EA587A5DDA69}.Production-iserv|Any CPU.Build.0 = Debug|Any CPU
		{C08EE159-35E4-4C22-B8C6-EA587A5DDA69}.Production-niis|Any CPU.ActiveCfg = Debug|Any CPU
		{C08EE159-35E4-4C22-B8C6-EA587A5DDA69}.Production-niis|Any CPU.Build.0 = Debug|Any CPU
		{C08EE159-35E4-4C22-B8C6-EA587A5DDA69}.Release|Any CPU.ActiveCfg = Release|Any CPU
		{C08EE159-35E4-4C22-B8C6-EA587A5DDA69}.Release|Any CPU.Build.0 = Release|Any CPU
		{C08EE159-35E4-4C22-B8C6-EA587A5DDA69}.Staging-iserv|Any CPU.ActiveCfg = Debug|Any CPU
		{C08EE159-35E4-4C22-B8C6-EA587A5DDA69}.Staging-iserv|Any CPU.Build.0 = Debug|Any CPU
		{C08EE159-35E4-4C22-B8C6-EA587A5DDA69}.Staging-niis|Any CPU.ActiveCfg = Debug|Any CPU
		{C08EE159-35E4-4C22-B8C6-EA587A5DDA69}.Staging-niis|Any CPU.Build.0 = Debug|Any CPU
		{64E17C5B-B7FE-4333-902F-D3909E4F2ACA}.Debug|Any CPU.ActiveCfg = Debug|Any CPU
		{64E17C5B-B7FE-4333-902F-D3909E4F2ACA}.Debug|Any CPU.Build.0 = Debug|Any CPU
		{64E17C5B-B7FE-4333-902F-D3909E4F2ACA}.Development-iserv|Any CPU.ActiveCfg = Debug|Any CPU
		{64E17C5B-B7FE-4333-902F-D3909E4F2ACA}.Development-iserv|Any CPU.Build.0 = Debug|Any CPU
		{64E17C5B-B7FE-4333-902F-D3909E4F2ACA}.Development-niis|Any CPU.ActiveCfg = Debug|Any CPU
		{64E17C5B-B7FE-4333-902F-D3909E4F2ACA}.Development-niis|Any CPU.Build.0 = Debug|Any CPU
		{64E17C5B-B7FE-4333-902F-D3909E4F2ACA}.Production-iserv|Any CPU.ActiveCfg = Debug|Any CPU
		{64E17C5B-B7FE-4333-902F-D3909E4F2ACA}.Production-iserv|Any CPU.Build.0 = Debug|Any CPU
		{64E17C5B-B7FE-4333-902F-D3909E4F2ACA}.Production-niis|Any CPU.ActiveCfg = Debug|Any CPU
		{64E17C5B-B7FE-4333-902F-D3909E4F2ACA}.Production-niis|Any CPU.Build.0 = Debug|Any CPU
		{64E17C5B-B7FE-4333-902F-D3909E4F2ACA}.Release|Any CPU.ActiveCfg = Release|Any CPU
		{64E17C5B-B7FE-4333-902F-D3909E4F2ACA}.Release|Any CPU.Build.0 = Release|Any CPU
		{64E17C5B-B7FE-4333-902F-D3909E4F2ACA}.Staging-iserv|Any CPU.ActiveCfg = Debug|Any CPU
		{64E17C5B-B7FE-4333-902F-D3909E4F2ACA}.Staging-iserv|Any CPU.Build.0 = Debug|Any CPU
		{64E17C5B-B7FE-4333-902F-D3909E4F2ACA}.Staging-niis|Any CPU.ActiveCfg = Debug|Any CPU
		{64E17C5B-B7FE-4333-902F-D3909E4F2ACA}.Staging-niis|Any CPU.Build.0 = Debug|Any CPU
		{5634E72D-38AC-42B8-85E5-4C2B6B72FAC0}.Debug|Any CPU.ActiveCfg = Debug|Any CPU
		{5634E72D-38AC-42B8-85E5-4C2B6B72FAC0}.Debug|Any CPU.Build.0 = Debug|Any CPU
		{5634E72D-38AC-42B8-85E5-4C2B6B72FAC0}.Development-iserv|Any CPU.ActiveCfg = Debug|Any CPU
		{5634E72D-38AC-42B8-85E5-4C2B6B72FAC0}.Development-iserv|Any CPU.Build.0 = Debug|Any CPU
		{5634E72D-38AC-42B8-85E5-4C2B6B72FAC0}.Development-niis|Any CPU.ActiveCfg = Debug|Any CPU
		{5634E72D-38AC-42B8-85E5-4C2B6B72FAC0}.Development-niis|Any CPU.Build.0 = Debug|Any CPU
		{5634E72D-38AC-42B8-85E5-4C2B6B72FAC0}.Production-iserv|Any CPU.ActiveCfg = Debug|Any CPU
		{5634E72D-38AC-42B8-85E5-4C2B6B72FAC0}.Production-iserv|Any CPU.Build.0 = Debug|Any CPU
		{5634E72D-38AC-42B8-85E5-4C2B6B72FAC0}.Production-niis|Any CPU.ActiveCfg = Debug|Any CPU
		{5634E72D-38AC-42B8-85E5-4C2B6B72FAC0}.Production-niis|Any CPU.Build.0 = Debug|Any CPU
		{5634E72D-38AC-42B8-85E5-4C2B6B72FAC0}.Release|Any CPU.ActiveCfg = Release|Any CPU
		{5634E72D-38AC-42B8-85E5-4C2B6B72FAC0}.Release|Any CPU.Build.0 = Release|Any CPU
		{5634E72D-38AC-42B8-85E5-4C2B6B72FAC0}.Staging-iserv|Any CPU.ActiveCfg = Debug|Any CPU
		{5634E72D-38AC-42B8-85E5-4C2B6B72FAC0}.Staging-iserv|Any CPU.Build.0 = Debug|Any CPU
		{5634E72D-38AC-42B8-85E5-4C2B6B72FAC0}.Staging-niis|Any CPU.ActiveCfg = Debug|Any CPU
		{5634E72D-38AC-42B8-85E5-4C2B6B72FAC0}.Staging-niis|Any CPU.Build.0 = Debug|Any CPU
		{3C0082B8-61D7-4127-AFA3-422D7106C012}.Debug|Any CPU.ActiveCfg = Debug|Any CPU
		{3C0082B8-61D7-4127-AFA3-422D7106C012}.Debug|Any CPU.Build.0 = Debug|Any CPU
		{3C0082B8-61D7-4127-AFA3-422D7106C012}.Development-iserv|Any CPU.ActiveCfg = Debug|Any CPU
		{3C0082B8-61D7-4127-AFA3-422D7106C012}.Development-iserv|Any CPU.Build.0 = Debug|Any CPU
		{3C0082B8-61D7-4127-AFA3-422D7106C012}.Development-niis|Any CPU.ActiveCfg = Debug|Any CPU
		{3C0082B8-61D7-4127-AFA3-422D7106C012}.Development-niis|Any CPU.Build.0 = Debug|Any CPU
		{3C0082B8-61D7-4127-AFA3-422D7106C012}.Production-iserv|Any CPU.ActiveCfg = Debug|Any CPU
		{3C0082B8-61D7-4127-AFA3-422D7106C012}.Production-iserv|Any CPU.Build.0 = Debug|Any CPU
		{3C0082B8-61D7-4127-AFA3-422D7106C012}.Production-niis|Any CPU.ActiveCfg = Debug|Any CPU
		{3C0082B8-61D7-4127-AFA3-422D7106C012}.Production-niis|Any CPU.Build.0 = Debug|Any CPU
		{3C0082B8-61D7-4127-AFA3-422D7106C012}.Release|Any CPU.ActiveCfg = Release|Any CPU
		{3C0082B8-61D7-4127-AFA3-422D7106C012}.Release|Any CPU.Build.0 = Release|Any CPU
		{3C0082B8-61D7-4127-AFA3-422D7106C012}.Staging-iserv|Any CPU.ActiveCfg = Debug|Any CPU
		{3C0082B8-61D7-4127-AFA3-422D7106C012}.Staging-iserv|Any CPU.Build.0 = Debug|Any CPU
		{3C0082B8-61D7-4127-AFA3-422D7106C012}.Staging-niis|Any CPU.ActiveCfg = Debug|Any CPU
		{3C0082B8-61D7-4127-AFA3-422D7106C012}.Staging-niis|Any CPU.Build.0 = Debug|Any CPU
		{C8C49ED3-CE53-425A-A3D2-7B859F14C46D}.Debug|Any CPU.ActiveCfg = Debug|Any CPU
		{C8C49ED3-CE53-425A-A3D2-7B859F14C46D}.Debug|Any CPU.Build.0 = Debug|Any CPU
		{C8C49ED3-CE53-425A-A3D2-7B859F14C46D}.Development-iserv|Any CPU.ActiveCfg = Debug|Any CPU
		{C8C49ED3-CE53-425A-A3D2-7B859F14C46D}.Development-iserv|Any CPU.Build.0 = Debug|Any CPU
		{C8C49ED3-CE53-425A-A3D2-7B859F14C46D}.Development-niis|Any CPU.ActiveCfg = Debug|Any CPU
		{C8C49ED3-CE53-425A-A3D2-7B859F14C46D}.Development-niis|Any CPU.Build.0 = Debug|Any CPU
		{C8C49ED3-CE53-425A-A3D2-7B859F14C46D}.Production-iserv|Any CPU.ActiveCfg = Debug|Any CPU
		{C8C49ED3-CE53-425A-A3D2-7B859F14C46D}.Production-iserv|Any CPU.Build.0 = Debug|Any CPU
		{C8C49ED3-CE53-425A-A3D2-7B859F14C46D}.Production-niis|Any CPU.ActiveCfg = Debug|Any CPU
		{C8C49ED3-CE53-425A-A3D2-7B859F14C46D}.Production-niis|Any CPU.Build.0 = Debug|Any CPU
		{C8C49ED3-CE53-425A-A3D2-7B859F14C46D}.Release|Any CPU.ActiveCfg = Release|Any CPU
		{C8C49ED3-CE53-425A-A3D2-7B859F14C46D}.Release|Any CPU.Build.0 = Release|Any CPU
		{C8C49ED3-CE53-425A-A3D2-7B859F14C46D}.Staging-iserv|Any CPU.ActiveCfg = Debug|Any CPU
		{C8C49ED3-CE53-425A-A3D2-7B859F14C46D}.Staging-iserv|Any CPU.Build.0 = Debug|Any CPU
		{C8C49ED3-CE53-425A-A3D2-7B859F14C46D}.Staging-niis|Any CPU.ActiveCfg = Debug|Any CPU
		{C8C49ED3-CE53-425A-A3D2-7B859F14C46D}.Staging-niis|Any CPU.Build.0 = Debug|Any CPU
		{B449A400-7F08-414D-9275-1A92A6948BE1}.Debug|Any CPU.ActiveCfg = Debug|Any CPU
		{B449A400-7F08-414D-9275-1A92A6948BE1}.Debug|Any CPU.Build.0 = Debug|Any CPU
		{B449A400-7F08-414D-9275-1A92A6948BE1}.Development-iserv|Any CPU.ActiveCfg = Debug|Any CPU
		{B449A400-7F08-414D-9275-1A92A6948BE1}.Development-iserv|Any CPU.Build.0 = Debug|Any CPU
		{B449A400-7F08-414D-9275-1A92A6948BE1}.Development-niis|Any CPU.ActiveCfg = Debug|Any CPU
		{B449A400-7F08-414D-9275-1A92A6948BE1}.Development-niis|Any CPU.Build.0 = Debug|Any CPU
		{B449A400-7F08-414D-9275-1A92A6948BE1}.Production-iserv|Any CPU.ActiveCfg = Debug|Any CPU
		{B449A400-7F08-414D-9275-1A92A6948BE1}.Production-iserv|Any CPU.Build.0 = Debug|Any CPU
		{B449A400-7F08-414D-9275-1A92A6948BE1}.Production-niis|Any CPU.ActiveCfg = Debug|Any CPU
		{B449A400-7F08-414D-9275-1A92A6948BE1}.Production-niis|Any CPU.Build.0 = Debug|Any CPU
		{B449A400-7F08-414D-9275-1A92A6948BE1}.Release|Any CPU.ActiveCfg = Release|Any CPU
		{B449A400-7F08-414D-9275-1A92A6948BE1}.Release|Any CPU.Build.0 = Release|Any CPU
		{B449A400-7F08-414D-9275-1A92A6948BE1}.Staging-iserv|Any CPU.ActiveCfg = Debug|Any CPU
		{B449A400-7F08-414D-9275-1A92A6948BE1}.Staging-iserv|Any CPU.Build.0 = Debug|Any CPU
		{B449A400-7F08-414D-9275-1A92A6948BE1}.Staging-niis|Any CPU.ActiveCfg = Debug|Any CPU
		{B449A400-7F08-414D-9275-1A92A6948BE1}.Staging-niis|Any CPU.Build.0 = Debug|Any CPU
		{0C6D68FC-B311-4A6A-91E0-B4ADF1A2FFF8}.Debug|Any CPU.ActiveCfg = Debug|Any CPU
		{0C6D68FC-B311-4A6A-91E0-B4ADF1A2FFF8}.Debug|Any CPU.Build.0 = Debug|Any CPU
		{0C6D68FC-B311-4A6A-91E0-B4ADF1A2FFF8}.Development-iserv|Any CPU.ActiveCfg = Debug|Any CPU
		{0C6D68FC-B311-4A6A-91E0-B4ADF1A2FFF8}.Development-iserv|Any CPU.Build.0 = Debug|Any CPU
		{0C6D68FC-B311-4A6A-91E0-B4ADF1A2FFF8}.Development-niis|Any CPU.ActiveCfg = Debug|Any CPU
		{0C6D68FC-B311-4A6A-91E0-B4ADF1A2FFF8}.Development-niis|Any CPU.Build.0 = Debug|Any CPU
		{0C6D68FC-B311-4A6A-91E0-B4ADF1A2FFF8}.Production-iserv|Any CPU.ActiveCfg = Debug|Any CPU
		{0C6D68FC-B311-4A6A-91E0-B4ADF1A2FFF8}.Production-iserv|Any CPU.Build.0 = Debug|Any CPU
		{0C6D68FC-B311-4A6A-91E0-B4ADF1A2FFF8}.Production-niis|Any CPU.ActiveCfg = Debug|Any CPU
		{0C6D68FC-B311-4A6A-91E0-B4ADF1A2FFF8}.Production-niis|Any CPU.Build.0 = Debug|Any CPU
		{0C6D68FC-B311-4A6A-91E0-B4ADF1A2FFF8}.Release|Any CPU.ActiveCfg = Release|Any CPU
		{0C6D68FC-B311-4A6A-91E0-B4ADF1A2FFF8}.Release|Any CPU.Build.0 = Release|Any CPU
		{0C6D68FC-B311-4A6A-91E0-B4ADF1A2FFF8}.Staging-iserv|Any CPU.ActiveCfg = Debug|Any CPU
		{0C6D68FC-B311-4A6A-91E0-B4ADF1A2FFF8}.Staging-iserv|Any CPU.Build.0 = Debug|Any CPU
		{0C6D68FC-B311-4A6A-91E0-B4ADF1A2FFF8}.Staging-niis|Any CPU.ActiveCfg = Debug|Any CPU
		{0C6D68FC-B311-4A6A-91E0-B4ADF1A2FFF8}.Staging-niis|Any CPU.Build.0 = Debug|Any CPU
		{9CB79765-780D-41C2-9269-2680AB4671E4}.Debug|Any CPU.ActiveCfg = Debug|Any CPU
		{9CB79765-780D-41C2-9269-2680AB4671E4}.Debug|Any CPU.Build.0 = Debug|Any CPU
		{9CB79765-780D-41C2-9269-2680AB4671E4}.Development-iserv|Any CPU.ActiveCfg = Debug|Any CPU
		{9CB79765-780D-41C2-9269-2680AB4671E4}.Development-iserv|Any CPU.Build.0 = Debug|Any CPU
		{9CB79765-780D-41C2-9269-2680AB4671E4}.Development-niis|Any CPU.ActiveCfg = Debug|Any CPU
		{9CB79765-780D-41C2-9269-2680AB4671E4}.Development-niis|Any CPU.Build.0 = Debug|Any CPU
		{9CB79765-780D-41C2-9269-2680AB4671E4}.Production-iserv|Any CPU.ActiveCfg = Debug|Any CPU
		{9CB79765-780D-41C2-9269-2680AB4671E4}.Production-iserv|Any CPU.Build.0 = Debug|Any CPU
		{9CB79765-780D-41C2-9269-2680AB4671E4}.Production-niis|Any CPU.ActiveCfg = Debug|Any CPU
		{9CB79765-780D-41C2-9269-2680AB4671E4}.Production-niis|Any CPU.Build.0 = Debug|Any CPU
		{9CB79765-780D-41C2-9269-2680AB4671E4}.Release|Any CPU.ActiveCfg = Release|Any CPU
		{9CB79765-780D-41C2-9269-2680AB4671E4}.Release|Any CPU.Build.0 = Release|Any CPU
		{9CB79765-780D-41C2-9269-2680AB4671E4}.Staging-iserv|Any CPU.ActiveCfg = Debug|Any CPU
		{9CB79765-780D-41C2-9269-2680AB4671E4}.Staging-iserv|Any CPU.Build.0 = Debug|Any CPU
		{9CB79765-780D-41C2-9269-2680AB4671E4}.Staging-niis|Any CPU.ActiveCfg = Debug|Any CPU
		{9CB79765-780D-41C2-9269-2680AB4671E4}.Staging-niis|Any CPU.Build.0 = Debug|Any CPU
		{37CB3D22-EFC4-46DC-956F-F8762A69837D}.Debug|Any CPU.ActiveCfg = Debug|Any CPU
		{37CB3D22-EFC4-46DC-956F-F8762A69837D}.Debug|Any CPU.Build.0 = Debug|Any CPU
		{37CB3D22-EFC4-46DC-956F-F8762A69837D}.Development-iserv|Any CPU.ActiveCfg = Development-iserv|Any CPU
		{37CB3D22-EFC4-46DC-956F-F8762A69837D}.Development-iserv|Any CPU.Build.0 = Development-iserv|Any CPU
		{37CB3D22-EFC4-46DC-956F-F8762A69837D}.Development-niis|Any CPU.ActiveCfg = Development-niis|Any CPU
		{37CB3D22-EFC4-46DC-956F-F8762A69837D}.Development-niis|Any CPU.Build.0 = Development-niis|Any CPU
		{37CB3D22-EFC4-46DC-956F-F8762A69837D}.Production-iserv|Any CPU.ActiveCfg = Production-iserv|Any CPU
		{37CB3D22-EFC4-46DC-956F-F8762A69837D}.Production-iserv|Any CPU.Build.0 = Production-iserv|Any CPU
		{37CB3D22-EFC4-46DC-956F-F8762A69837D}.Production-niis|Any CPU.ActiveCfg = Production-niis|Any CPU
		{37CB3D22-EFC4-46DC-956F-F8762A69837D}.Production-niis|Any CPU.Build.0 = Production-niis|Any CPU
		{37CB3D22-EFC4-46DC-956F-F8762A69837D}.Release|Any CPU.ActiveCfg = Release|Any CPU
		{37CB3D22-EFC4-46DC-956F-F8762A69837D}.Release|Any CPU.Build.0 = Release|Any CPU
		{37CB3D22-EFC4-46DC-956F-F8762A69837D}.Staging-iserv|Any CPU.ActiveCfg = Staging-iserv|Any CPU
		{37CB3D22-EFC4-46DC-956F-F8762A69837D}.Staging-iserv|Any CPU.Build.0 = Staging-iserv|Any CPU
		{37CB3D22-EFC4-46DC-956F-F8762A69837D}.Staging-niis|Any CPU.ActiveCfg = Staging-niis|Any CPU
		{37CB3D22-EFC4-46DC-956F-F8762A69837D}.Staging-niis|Any CPU.Build.0 = Staging-niis|Any CPU
		{97902060-AA69-4BAC-A357-E5054F535BCE}.Debug|Any CPU.ActiveCfg = Debug|Any CPU
		{97902060-AA69-4BAC-A357-E5054F535BCE}.Debug|Any CPU.Build.0 = Debug|Any CPU
		{97902060-AA69-4BAC-A357-E5054F535BCE}.Development-iserv|Any CPU.ActiveCfg = Debug|Any CPU
		{97902060-AA69-4BAC-A357-E5054F535BCE}.Development-iserv|Any CPU.Build.0 = Debug|Any CPU
		{97902060-AA69-4BAC-A357-E5054F535BCE}.Development-niis|Any CPU.ActiveCfg = Debug|Any CPU
		{97902060-AA69-4BAC-A357-E5054F535BCE}.Development-niis|Any CPU.Build.0 = Debug|Any CPU
		{97902060-AA69-4BAC-A357-E5054F535BCE}.Production-iserv|Any CPU.ActiveCfg = Debug|Any CPU
		{97902060-AA69-4BAC-A357-E5054F535BCE}.Production-iserv|Any CPU.Build.0 = Debug|Any CPU
		{97902060-AA69-4BAC-A357-E5054F535BCE}.Production-niis|Any CPU.ActiveCfg = Debug|Any CPU
		{97902060-AA69-4BAC-A357-E5054F535BCE}.Production-niis|Any CPU.Build.0 = Debug|Any CPU
		{97902060-AA69-4BAC-A357-E5054F535BCE}.Release|Any CPU.ActiveCfg = Release|Any CPU
		{97902060-AA69-4BAC-A357-E5054F535BCE}.Release|Any CPU.Build.0 = Release|Any CPU
		{97902060-AA69-4BAC-A357-E5054F535BCE}.Staging-iserv|Any CPU.ActiveCfg = Debug|Any CPU
		{97902060-AA69-4BAC-A357-E5054F535BCE}.Staging-iserv|Any CPU.Build.0 = Debug|Any CPU
		{97902060-AA69-4BAC-A357-E5054F535BCE}.Staging-niis|Any CPU.ActiveCfg = Debug|Any CPU
		{97902060-AA69-4BAC-A357-E5054F535BCE}.Staging-niis|Any CPU.Build.0 = Debug|Any CPU
		{1E449464-A42A-447E-A3A5-49B8E077FD43}.Debug|Any CPU.ActiveCfg = Debug|Any CPU
		{1E449464-A42A-447E-A3A5-49B8E077FD43}.Debug|Any CPU.Build.0 = Debug|Any CPU
		{1E449464-A42A-447E-A3A5-49B8E077FD43}.Development-iserv|Any CPU.ActiveCfg = Debug|Any CPU
		{1E449464-A42A-447E-A3A5-49B8E077FD43}.Development-iserv|Any CPU.Build.0 = Debug|Any CPU
		{1E449464-A42A-447E-A3A5-49B8E077FD43}.Development-niis|Any CPU.ActiveCfg = Debug|Any CPU
		{1E449464-A42A-447E-A3A5-49B8E077FD43}.Development-niis|Any CPU.Build.0 = Debug|Any CPU
		{1E449464-A42A-447E-A3A5-49B8E077FD43}.Production-iserv|Any CPU.ActiveCfg = Debug|Any CPU
		{1E449464-A42A-447E-A3A5-49B8E077FD43}.Production-iserv|Any CPU.Build.0 = Debug|Any CPU
		{1E449464-A42A-447E-A3A5-49B8E077FD43}.Production-niis|Any CPU.ActiveCfg = Debug|Any CPU
		{1E449464-A42A-447E-A3A5-49B8E077FD43}.Production-niis|Any CPU.Build.0 = Debug|Any CPU
		{1E449464-A42A-447E-A3A5-49B8E077FD43}.Release|Any CPU.ActiveCfg = Release|Any CPU
		{1E449464-A42A-447E-A3A5-49B8E077FD43}.Release|Any CPU.Build.0 = Release|Any CPU
		{1E449464-A42A-447E-A3A5-49B8E077FD43}.Staging-iserv|Any CPU.ActiveCfg = Debug|Any CPU
		{1E449464-A42A-447E-A3A5-49B8E077FD43}.Staging-iserv|Any CPU.Build.0 = Debug|Any CPU
		{1E449464-A42A-447E-A3A5-49B8E077FD43}.Staging-niis|Any CPU.ActiveCfg = Debug|Any CPU
		{1E449464-A42A-447E-A3A5-49B8E077FD43}.Staging-niis|Any CPU.Build.0 = Debug|Any CPU
		{3F29310F-8DFD-441C-8234-D3B788FE3240}.Debug|Any CPU.ActiveCfg = Debug|Any CPU
		{3F29310F-8DFD-441C-8234-D3B788FE3240}.Debug|Any CPU.Build.0 = Debug|Any CPU
		{3F29310F-8DFD-441C-8234-D3B788FE3240}.Development-iserv|Any CPU.ActiveCfg = Debug|Any CPU
		{3F29310F-8DFD-441C-8234-D3B788FE3240}.Development-iserv|Any CPU.Build.0 = Debug|Any CPU
		{3F29310F-8DFD-441C-8234-D3B788FE3240}.Development-niis|Any CPU.ActiveCfg = Debug|Any CPU
		{3F29310F-8DFD-441C-8234-D3B788FE3240}.Development-niis|Any CPU.Build.0 = Debug|Any CPU
		{3F29310F-8DFD-441C-8234-D3B788FE3240}.Production-iserv|Any CPU.ActiveCfg = Debug|Any CPU
		{3F29310F-8DFD-441C-8234-D3B788FE3240}.Production-iserv|Any CPU.Build.0 = Debug|Any CPU
		{3F29310F-8DFD-441C-8234-D3B788FE3240}.Production-niis|Any CPU.ActiveCfg = Debug|Any CPU
		{3F29310F-8DFD-441C-8234-D3B788FE3240}.Production-niis|Any CPU.Build.0 = Debug|Any CPU
		{3F29310F-8DFD-441C-8234-D3B788FE3240}.Release|Any CPU.ActiveCfg = Release|Any CPU
		{3F29310F-8DFD-441C-8234-D3B788FE3240}.Release|Any CPU.Build.0 = Release|Any CPU
		{3F29310F-8DFD-441C-8234-D3B788FE3240}.Staging-iserv|Any CPU.ActiveCfg = Debug|Any CPU
		{3F29310F-8DFD-441C-8234-D3B788FE3240}.Staging-iserv|Any CPU.Build.0 = Debug|Any CPU
		{3F29310F-8DFD-441C-8234-D3B788FE3240}.Staging-niis|Any CPU.ActiveCfg = Debug|Any CPU
		{3F29310F-8DFD-441C-8234-D3B788FE3240}.Staging-niis|Any CPU.Build.0 = Debug|Any CPU
		{3937355A-AC55-4822-926A-2B604E94D285}.Debug|Any CPU.ActiveCfg = Debug|Any CPU
		{3937355A-AC55-4822-926A-2B604E94D285}.Debug|Any CPU.Build.0 = Debug|Any CPU
		{3937355A-AC55-4822-926A-2B604E94D285}.Development-iserv|Any CPU.ActiveCfg = Development-iserv|Any CPU
		{3937355A-AC55-4822-926A-2B604E94D285}.Development-iserv|Any CPU.Build.0 = Development-iserv|Any CPU
		{3937355A-AC55-4822-926A-2B604E94D285}.Development-niis|Any CPU.ActiveCfg = Development-niis|Any CPU
		{3937355A-AC55-4822-926A-2B604E94D285}.Development-niis|Any CPU.Build.0 = Development-niis|Any CPU
		{3937355A-AC55-4822-926A-2B604E94D285}.Production-iserv|Any CPU.ActiveCfg = Production-iserv|Any CPU
		{3937355A-AC55-4822-926A-2B604E94D285}.Production-iserv|Any CPU.Build.0 = Production-iserv|Any CPU
		{3937355A-AC55-4822-926A-2B604E94D285}.Production-niis|Any CPU.ActiveCfg = Production-niis|Any CPU
		{3937355A-AC55-4822-926A-2B604E94D285}.Production-niis|Any CPU.Build.0 = Production-niis|Any CPU
		{3937355A-AC55-4822-926A-2B604E94D285}.Release|Any CPU.ActiveCfg = Release|Any CPU
		{3937355A-AC55-4822-926A-2B604E94D285}.Release|Any CPU.Build.0 = Release|Any CPU
		{3937355A-AC55-4822-926A-2B604E94D285}.Staging-iserv|Any CPU.ActiveCfg = Staging-iserv|Any CPU
		{3937355A-AC55-4822-926A-2B604E94D285}.Staging-iserv|Any CPU.Build.0 = Staging-iserv|Any CPU
		{3937355A-AC55-4822-926A-2B604E94D285}.Staging-niis|Any CPU.ActiveCfg = Staging-niis|Any CPU
		{3937355A-AC55-4822-926A-2B604E94D285}.Staging-niis|Any CPU.Build.0 = Staging-niis|Any CPU
		{4E3A6F49-E2E8-4D68-B124-D225FD310CDC}.Debug|Any CPU.ActiveCfg = Debug|Any CPU
		{4E3A6F49-E2E8-4D68-B124-D225FD310CDC}.Debug|Any CPU.Build.0 = Debug|Any CPU
		{4E3A6F49-E2E8-4D68-B124-D225FD310CDC}.Development-iserv|Any CPU.ActiveCfg = Debug|Any CPU
		{4E3A6F49-E2E8-4D68-B124-D225FD310CDC}.Development-iserv|Any CPU.Build.0 = Debug|Any CPU
		{4E3A6F49-E2E8-4D68-B124-D225FD310CDC}.Development-niis|Any CPU.ActiveCfg = Debug|Any CPU
		{4E3A6F49-E2E8-4D68-B124-D225FD310CDC}.Development-niis|Any CPU.Build.0 = Debug|Any CPU
		{4E3A6F49-E2E8-4D68-B124-D225FD310CDC}.Production-iserv|Any CPU.ActiveCfg = Debug|Any CPU
		{4E3A6F49-E2E8-4D68-B124-D225FD310CDC}.Production-iserv|Any CPU.Build.0 = Debug|Any CPU
		{4E3A6F49-E2E8-4D68-B124-D225FD310CDC}.Production-niis|Any CPU.ActiveCfg = Debug|Any CPU
		{4E3A6F49-E2E8-4D68-B124-D225FD310CDC}.Production-niis|Any CPU.Build.0 = Debug|Any CPU
		{4E3A6F49-E2E8-4D68-B124-D225FD310CDC}.Release|Any CPU.ActiveCfg = Release|Any CPU
		{4E3A6F49-E2E8-4D68-B124-D225FD310CDC}.Release|Any CPU.Build.0 = Release|Any CPU
		{4E3A6F49-E2E8-4D68-B124-D225FD310CDC}.Staging-iserv|Any CPU.ActiveCfg = Debug|Any CPU
		{4E3A6F49-E2E8-4D68-B124-D225FD310CDC}.Staging-iserv|Any CPU.Build.0 = Debug|Any CPU
		{4E3A6F49-E2E8-4D68-B124-D225FD310CDC}.Staging-niis|Any CPU.ActiveCfg = Debug|Any CPU
		{4E3A6F49-E2E8-4D68-B124-D225FD310CDC}.Staging-niis|Any CPU.Build.0 = Debug|Any CPU
		{9C20B9BA-E013-43E2-9FB8-0BE8DCB61105}.Debug|Any CPU.ActiveCfg = Debug|Any CPU
		{9C20B9BA-E013-43E2-9FB8-0BE8DCB61105}.Debug|Any CPU.Build.0 = Debug|Any CPU
		{9C20B9BA-E013-43E2-9FB8-0BE8DCB61105}.Development-iserv|Any CPU.ActiveCfg = Debug|Any CPU
		{9C20B9BA-E013-43E2-9FB8-0BE8DCB61105}.Development-iserv|Any CPU.Build.0 = Debug|Any CPU
		{9C20B9BA-E013-43E2-9FB8-0BE8DCB61105}.Development-niis|Any CPU.ActiveCfg = Debug|Any CPU
		{9C20B9BA-E013-43E2-9FB8-0BE8DCB61105}.Development-niis|Any CPU.Build.0 = Debug|Any CPU
		{9C20B9BA-E013-43E2-9FB8-0BE8DCB61105}.Production-iserv|Any CPU.ActiveCfg = Debug|Any CPU
		{9C20B9BA-E013-43E2-9FB8-0BE8DCB61105}.Production-iserv|Any CPU.Build.0 = Debug|Any CPU
		{9C20B9BA-E013-43E2-9FB8-0BE8DCB61105}.Production-niis|Any CPU.ActiveCfg = Debug|Any CPU
		{9C20B9BA-E013-43E2-9FB8-0BE8DCB61105}.Production-niis|Any CPU.Build.0 = Debug|Any CPU
		{9C20B9BA-E013-43E2-9FB8-0BE8DCB61105}.Release|Any CPU.ActiveCfg = Release|Any CPU
		{9C20B9BA-E013-43E2-9FB8-0BE8DCB61105}.Release|Any CPU.Build.0 = Release|Any CPU
		{9C20B9BA-E013-43E2-9FB8-0BE8DCB61105}.Staging-iserv|Any CPU.ActiveCfg = Debug|Any CPU
		{9C20B9BA-E013-43E2-9FB8-0BE8DCB61105}.Staging-iserv|Any CPU.Build.0 = Debug|Any CPU
		{9C20B9BA-E013-43E2-9FB8-0BE8DCB61105}.Staging-niis|Any CPU.ActiveCfg = Debug|Any CPU
		{9C20B9BA-E013-43E2-9FB8-0BE8DCB61105}.Staging-niis|Any CPU.Build.0 = Debug|Any CPU
		{8DAA10A1-C11A-403E-8297-18E1C3568A5F}.Debug|Any CPU.ActiveCfg = Debug|Any CPU
		{8DAA10A1-C11A-403E-8297-18E1C3568A5F}.Debug|Any CPU.Build.0 = Debug|Any CPU
		{8DAA10A1-C11A-403E-8297-18E1C3568A5F}.Development-iserv|Any CPU.ActiveCfg = Debug|Any CPU
		{8DAA10A1-C11A-403E-8297-18E1C3568A5F}.Development-iserv|Any CPU.Build.0 = Debug|Any CPU
		{8DAA10A1-C11A-403E-8297-18E1C3568A5F}.Development-niis|Any CPU.ActiveCfg = Debug|Any CPU
		{8DAA10A1-C11A-403E-8297-18E1C3568A5F}.Development-niis|Any CPU.Build.0 = Debug|Any CPU
		{8DAA10A1-C11A-403E-8297-18E1C3568A5F}.Production-iserv|Any CPU.ActiveCfg = Debug|Any CPU
		{8DAA10A1-C11A-403E-8297-18E1C3568A5F}.Production-iserv|Any CPU.Build.0 = Debug|Any CPU
		{8DAA10A1-C11A-403E-8297-18E1C3568A5F}.Production-niis|Any CPU.ActiveCfg = Debug|Any CPU
		{8DAA10A1-C11A-403E-8297-18E1C3568A5F}.Production-niis|Any CPU.Build.0 = Debug|Any CPU
		{8DAA10A1-C11A-403E-8297-18E1C3568A5F}.Release|Any CPU.ActiveCfg = Release|Any CPU
		{8DAA10A1-C11A-403E-8297-18E1C3568A5F}.Release|Any CPU.Build.0 = Release|Any CPU
		{8DAA10A1-C11A-403E-8297-18E1C3568A5F}.Staging-iserv|Any CPU.ActiveCfg = Debug|Any CPU
		{8DAA10A1-C11A-403E-8297-18E1C3568A5F}.Staging-iserv|Any CPU.Build.0 = Debug|Any CPU
		{8DAA10A1-C11A-403E-8297-18E1C3568A5F}.Staging-niis|Any CPU.ActiveCfg = Debug|Any CPU
		{8DAA10A1-C11A-403E-8297-18E1C3568A5F}.Staging-niis|Any CPU.Build.0 = Debug|Any CPU
		{9C3AB7F9-7A19-4B71-A08E-D68A34372323}.Debug|Any CPU.ActiveCfg = Debug|Any CPU
		{9C3AB7F9-7A19-4B71-A08E-D68A34372323}.Debug|Any CPU.Build.0 = Debug|Any CPU
		{9C3AB7F9-7A19-4B71-A08E-D68A34372323}.Development-iserv|Any CPU.ActiveCfg = Debug|Any CPU
		{9C3AB7F9-7A19-4B71-A08E-D68A34372323}.Development-iserv|Any CPU.Build.0 = Debug|Any CPU
		{9C3AB7F9-7A19-4B71-A08E-D68A34372323}.Development-niis|Any CPU.ActiveCfg = Debug|Any CPU
		{9C3AB7F9-7A19-4B71-A08E-D68A34372323}.Development-niis|Any CPU.Build.0 = Debug|Any CPU
		{9C3AB7F9-7A19-4B71-A08E-D68A34372323}.Production-iserv|Any CPU.ActiveCfg = Debug|Any CPU
		{9C3AB7F9-7A19-4B71-A08E-D68A34372323}.Production-iserv|Any CPU.Build.0 = Debug|Any CPU
		{9C3AB7F9-7A19-4B71-A08E-D68A34372323}.Production-niis|Any CPU.ActiveCfg = Debug|Any CPU
		{9C3AB7F9-7A19-4B71-A08E-D68A34372323}.Production-niis|Any CPU.Build.0 = Debug|Any CPU
		{9C3AB7F9-7A19-4B71-A08E-D68A34372323}.Release|Any CPU.ActiveCfg = Release|Any CPU
		{9C3AB7F9-7A19-4B71-A08E-D68A34372323}.Release|Any CPU.Build.0 = Release|Any CPU
		{9C3AB7F9-7A19-4B71-A08E-D68A34372323}.Staging-iserv|Any CPU.ActiveCfg = Debug|Any CPU
		{9C3AB7F9-7A19-4B71-A08E-D68A34372323}.Staging-iserv|Any CPU.Build.0 = Debug|Any CPU
		{9C3AB7F9-7A19-4B71-A08E-D68A34372323}.Staging-niis|Any CPU.ActiveCfg = Debug|Any CPU
		{9C3AB7F9-7A19-4B71-A08E-D68A34372323}.Staging-niis|Any CPU.Build.0 = Debug|Any CPU
		{FAB5EDE5-6886-4856-A857-EC4765E474A0}.Debug|Any CPU.ActiveCfg = Debug|Any CPU
		{FAB5EDE5-6886-4856-A857-EC4765E474A0}.Debug|Any CPU.Build.0 = Debug|Any CPU
		{FAB5EDE5-6886-4856-A857-EC4765E474A0}.Development-iserv|Any CPU.ActiveCfg = Debug|Any CPU
		{FAB5EDE5-6886-4856-A857-EC4765E474A0}.Development-iserv|Any CPU.Build.0 = Debug|Any CPU
		{FAB5EDE5-6886-4856-A857-EC4765E474A0}.Development-niis|Any CPU.ActiveCfg = Debug|Any CPU
		{FAB5EDE5-6886-4856-A857-EC4765E474A0}.Development-niis|Any CPU.Build.0 = Debug|Any CPU
		{FAB5EDE5-6886-4856-A857-EC4765E474A0}.Production-iserv|Any CPU.ActiveCfg = Debug|Any CPU
		{FAB5EDE5-6886-4856-A857-EC4765E474A0}.Production-iserv|Any CPU.Build.0 = Debug|Any CPU
		{FAB5EDE5-6886-4856-A857-EC4765E474A0}.Production-niis|Any CPU.ActiveCfg = Debug|Any CPU
		{FAB5EDE5-6886-4856-A857-EC4765E474A0}.Production-niis|Any CPU.Build.0 = Debug|Any CPU
		{FAB5EDE5-6886-4856-A857-EC4765E474A0}.Release|Any CPU.ActiveCfg = Release|Any CPU
		{FAB5EDE5-6886-4856-A857-EC4765E474A0}.Release|Any CPU.Build.0 = Release|Any CPU
		{FAB5EDE5-6886-4856-A857-EC4765E474A0}.Staging-iserv|Any CPU.ActiveCfg = Debug|Any CPU
		{FAB5EDE5-6886-4856-A857-EC4765E474A0}.Staging-iserv|Any CPU.Build.0 = Debug|Any CPU
		{FAB5EDE5-6886-4856-A857-EC4765E474A0}.Staging-niis|Any CPU.ActiveCfg = Debug|Any CPU
		{FAB5EDE5-6886-4856-A857-EC4765E474A0}.Staging-niis|Any CPU.Build.0 = Debug|Any CPU
		{94653472-B8E7-4452-B01B-C0A6448D2483}.Debug|Any CPU.ActiveCfg = Debug|Any CPU
		{94653472-B8E7-4452-B01B-C0A6448D2483}.Debug|Any CPU.Build.0 = Debug|Any CPU
		{94653472-B8E7-4452-B01B-C0A6448D2483}.Development-iserv|Any CPU.ActiveCfg = Debug|Any CPU
		{94653472-B8E7-4452-B01B-C0A6448D2483}.Development-iserv|Any CPU.Build.0 = Debug|Any CPU
		{94653472-B8E7-4452-B01B-C0A6448D2483}.Development-niis|Any CPU.ActiveCfg = Debug|Any CPU
		{94653472-B8E7-4452-B01B-C0A6448D2483}.Development-niis|Any CPU.Build.0 = Debug|Any CPU
		{94653472-B8E7-4452-B01B-C0A6448D2483}.Production-iserv|Any CPU.ActiveCfg = Debug|Any CPU
		{94653472-B8E7-4452-B01B-C0A6448D2483}.Production-iserv|Any CPU.Build.0 = Debug|Any CPU
		{94653472-B8E7-4452-B01B-C0A6448D2483}.Production-niis|Any CPU.ActiveCfg = Debug|Any CPU
		{94653472-B8E7-4452-B01B-C0A6448D2483}.Production-niis|Any CPU.Build.0 = Debug|Any CPU
		{94653472-B8E7-4452-B01B-C0A6448D2483}.Release|Any CPU.ActiveCfg = Release|Any CPU
		{94653472-B8E7-4452-B01B-C0A6448D2483}.Release|Any CPU.Build.0 = Release|Any CPU
		{94653472-B8E7-4452-B01B-C0A6448D2483}.Staging-iserv|Any CPU.ActiveCfg = Debug|Any CPU
		{94653472-B8E7-4452-B01B-C0A6448D2483}.Staging-iserv|Any CPU.Build.0 = Debug|Any CPU
		{94653472-B8E7-4452-B01B-C0A6448D2483}.Staging-niis|Any CPU.ActiveCfg = Debug|Any CPU
		{94653472-B8E7-4452-B01B-C0A6448D2483}.Staging-niis|Any CPU.Build.0 = Debug|Any CPU
		{3644EF92-FEAA-468D-BEAF-05471337856E}.Debug|Any CPU.ActiveCfg = Debug|Any CPU
		{3644EF92-FEAA-468D-BEAF-05471337856E}.Debug|Any CPU.Build.0 = Debug|Any CPU
		{3644EF92-FEAA-468D-BEAF-05471337856E}.Development-iserv|Any CPU.ActiveCfg = Debug|Any CPU
		{3644EF92-FEAA-468D-BEAF-05471337856E}.Development-iserv|Any CPU.Build.0 = Debug|Any CPU
		{3644EF92-FEAA-468D-BEAF-05471337856E}.Development-niis|Any CPU.ActiveCfg = Debug|Any CPU
		{3644EF92-FEAA-468D-BEAF-05471337856E}.Development-niis|Any CPU.Build.0 = Debug|Any CPU
		{3644EF92-FEAA-468D-BEAF-05471337856E}.Production-iserv|Any CPU.ActiveCfg = Release|Any CPU
		{3644EF92-FEAA-468D-BEAF-05471337856E}.Production-iserv|Any CPU.Build.0 = Release|Any CPU
		{3644EF92-FEAA-468D-BEAF-05471337856E}.Production-niis|Any CPU.ActiveCfg = Release|Any CPU
		{3644EF92-FEAA-468D-BEAF-05471337856E}.Production-niis|Any CPU.Build.0 = Release|Any CPU
		{3644EF92-FEAA-468D-BEAF-05471337856E}.Release|Any CPU.ActiveCfg = Release|Any CPU
		{3644EF92-FEAA-468D-BEAF-05471337856E}.Release|Any CPU.Build.0 = Release|Any CPU
		{3644EF92-FEAA-468D-BEAF-05471337856E}.Staging-iserv|Any CPU.ActiveCfg = Release|Any CPU
		{3644EF92-FEAA-468D-BEAF-05471337856E}.Staging-iserv|Any CPU.Build.0 = Release|Any CPU
		{3644EF92-FEAA-468D-BEAF-05471337856E}.Staging-niis|Any CPU.ActiveCfg = Release|Any CPU
		{3644EF92-FEAA-468D-BEAF-05471337856E}.Staging-niis|Any CPU.Build.0 = Release|Any CPU
	EndGlobalSection
	GlobalSection(SolutionProperties) = preSolution
		HideSolutionNode = FALSE
	EndGlobalSection
	GlobalSection(NestedProjects) = preSolution
		{6053C259-14DF-4930-A3CB-46A73A53D303} = {07706AFA-F7E5-4828-8CF1-A5D929F411A7}
		{4C9CC8F3-0851-47CE-AAA3-125AF4D90B03} = {788FEE2A-1F55-431C-978A-D5C2087B852E}
		{988CE7CE-77F5-4487-8BB6-91D756C810F3} = {788FEE2A-1F55-431C-978A-D5C2087B852E}
		{BA8F3282-462F-4758-B40D-1DACB0675FA0} = {34D547F6-3F79-461C-AD5A-2F7BB3CD8F93}
		{C08EE159-35E4-4C22-B8C6-EA587A5DDA69} = {34D547F6-3F79-461C-AD5A-2F7BB3CD8F93}
		{64E17C5B-B7FE-4333-902F-D3909E4F2ACA} = {34D547F6-3F79-461C-AD5A-2F7BB3CD8F93}
		{5634E72D-38AC-42B8-85E5-4C2B6B72FAC0} = {34D547F6-3F79-461C-AD5A-2F7BB3CD8F93}
		{3C0082B8-61D7-4127-AFA3-422D7106C012} = {34D547F6-3F79-461C-AD5A-2F7BB3CD8F93}
		{0C6D68FC-B311-4A6A-91E0-B4ADF1A2FFF8} = {DEA55B58-3846-4E28-ADC5-E72D23B0420C}
		{9CB79765-780D-41C2-9269-2680AB4671E4} = {DEA55B58-3846-4E28-ADC5-E72D23B0420C}
		{37CB3D22-EFC4-46DC-956F-F8762A69837D} = {DEA55B58-3846-4E28-ADC5-E72D23B0420C}
		{97902060-AA69-4BAC-A357-E5054F535BCE} = {22BC382A-2FD0-4850-B579-A8FB337617E5}
		{3F29310F-8DFD-441C-8234-D3B788FE3240} = {DEA55B58-3846-4E28-ADC5-E72D23B0420C}
		{3937355A-AC55-4822-926A-2B604E94D285} = {DEA55B58-3846-4E28-ADC5-E72D23B0420C}
		{788FEE2A-1F55-431C-978A-D5C2087B852E} = {22BC382A-2FD0-4850-B579-A8FB337617E5}
		{DCB77E39-065E-4C71-B936-BC46BE14972B} = {22BC382A-2FD0-4850-B579-A8FB337617E5}
		{8DAA10A1-C11A-403E-8297-18E1C3568A5F} = {DCB77E39-065E-4C71-B936-BC46BE14972B}
		{9C3AB7F9-7A19-4B71-A08E-D68A34372323} = {DCB77E39-065E-4C71-B936-BC46BE14972B}
		{FAB5EDE5-6886-4856-A857-EC4765E474A0} = {DCB77E39-065E-4C71-B936-BC46BE14972B}
		{9F789778-A677-4600-B507-16F44B7E43F9} = {22BC382A-2FD0-4850-B579-A8FB337617E5}
		{94653472-B8E7-4452-B01B-C0A6448D2483} = {9F789778-A677-4600-B507-16F44B7E43F9}
	EndGlobalSection
	GlobalSection(ExtensibilityGlobals) = postSolution
		SolutionGuid = {D2512C9A-A568-472B-A740-95C6CD006405}
	EndGlobalSection
EndGlobal
